// !$*UTF8*$!
{
	archiveVersion = 1;
	classes = {
	};
	objectVersion = 77;
	objects = {

/* Begin PBXBuildFile section */
		04682A61C5430A617C6A4387 /* PCMSpeechSynth in Frameworks */ = {isa = PBXBuildFile; productRef = E87D80B587E6E414ACF764FE /* PCMSpeechSynth */; };
		0DB533FFB7D9D2B75A6AB91F /* PCMJitterBuffer in CopyFiles */ = {isa = PBXBuildFile; productRef = 1AD803BDA4DC219FF701FB37 /* PCMJitterBuffer */; settings = {ATTRIBUTES = (CodeSignOnCopy, ); }; };
		D1AF7E60000000000000000A /* PCMDistanceGain in Frameworks */ = {isa = PBXBuildFile; productRef = D1AF7E60000000000000000B /* PCMDistanceGain */; };
		D1AF7E60000000000000000C /* PCMDistanceGain in CopyFiles */ = {isa = PBXBuildFile; productRef = D1AF7E60000000000000000B /* PCMDistanceGain */; settings = {ATTRIBUTES = (CodeSignOnCopy, ); }; };
		D1AF7E61000000000000000A /* PCMBinauralPanner in Frameworks */ = {isa = PBXBuildFile; productRef = D1AF7E61000000000000000B /* PCMBinauralPanner */; };
		D1AF7E61000000000000000C /* PCMBinauralPanner in CopyFiles */ = {isa = PBXBuildFile; productRef = D1AF7E61000000000000000B /* PCMBinauralPanner */; settings = {ATTRIBUTES = (CodeSignOnCopy, ); }; };
		0E2AEE3330106E75007F4143 /* PCMUDPSender in Frameworks */ = {isa = PBXBuildFile; productRef = 0EAEBB012FFAC00000BA711A /* PCMUDPSender */; };
		0EAEB9B42FF9865E00BA711A /* GRDB in Frameworks */ = {isa = PBXBuildFile; productRef = 0EAEB9B32FF9865E00BA711A /* GRDB */; };
		0EAEB9E12FFAA29A00BA711A /* PipelineRunner in Frameworks */ = {isa = PBXBuildFile; productRef = 0EAEB9E02FFAA29A00BA711A /* PipelineRunner */; };
		0EAEBB022FFAC00000BA711A /* PCMUDPSender in CopyFiles */ = {isa = PBXBuildFile; productRef = 0EAEBB012FFAC00000BA711A /* PCMUDPSender */; settings = {ATTRIBUTES = (CodeSignOnCopy, ); }; };
		0EAEBC032FFAD00000BA711A /* AirPlayReceiver in Frameworks */ = {isa = PBXBuildFile; productRef = 0EAEBC022FFAD00000BA711A /* AirPlayReceiver */; };
		10352754EA18CC5C69347D77 /* AudioInputCapture in CopyFiles */ = {isa = PBXBuildFile; productRef = B43A6DCA67C7CB4EC12E5AFE /* AudioInputCapture */; settings = {ATTRIBUTES = (CodeSignOnCopy, ); }; };
		1635675B4339037BAEBC13E9 /* AUProcessor in Frameworks */ = {isa = PBXBuildFile; productRef = 0C450AC81DF406E297AA5C0F /* AUProcessor */; };
		232D8F546066DC5AD8B07479 /* FMDeemphasis in Frameworks */ = {isa = PBXBuildFile; productRef = 84525C229CAA1ABF25B01E0C /* FMDeemphasis */; };
		5358E35F01A032CD673C6D51 /* PCMUDPReceiver in CopyFiles */ = {isa = PBXBuildFile; productRef = E99738898D9599DAC90193CC /* PCMUDPReceiver */; settings = {ATTRIBUTES = (CodeSignOnCopy, ); }; };
		5A635DCB2DFC9824FC762066 /* FMDeemphasis in CopyFiles */ = {isa = PBXBuildFile; productRef = 84525C229CAA1ABF25B01E0C /* FMDeemphasis */; settings = {ATTRIBUTES = (CodeSignOnCopy, ); }; };
		5F5D5331CBCE13CD8A221237 /* SharedLogging in Frameworks */ = {isa = PBXBuildFile; productRef = A578DEEA8DE804E207930937 /* SharedLogging */; };
		64DF77E2925A3D6D828B8EC1 /* PCMSpeechSynth in CopyFiles */ = {isa = PBXBuildFile; productRef = E87D80B587E6E414ACF764FE /* PCMSpeechSynth */; settings = {ATTRIBUTES = (CodeSignOnCopy, ); }; };
		66F829E0E38840F09B6E93FE /* librtlsdr.framework in Embed Frameworks */ = {isa = PBXBuildFile; fileRef = 122003304CD5476295D4A901 /* librtlsdr.framework */; settings = {ATTRIBUTES = (CodeSignOnCopy, ); }; };
		682B2C68708AF6B3ABA5A039 /* LiveAudioRecorder in Frameworks */ = {isa = PBXBuildFile; productRef = 18785847439A147EDA809002 /* LiveAudioRecorder */; };
		7AC187A53A2FACC0B1D039C9 /* PCMPassthrough in CopyFiles */ = {isa = PBXBuildFile; productRef = 5B1EA0345C776C5696C7EA2F /* PCMPassthrough */; settings = {ATTRIBUTES = (CodeSignOnCopy, ); }; };
		7B08C9EEA4924B508E937655 /* rtl_convenience.c in Sources */ = {isa = PBXBuildFile; fileRef = E8AC65256C2D46D683EA14FE /* rtl_convenience.c */; };
		87C3FE52371D7713823E1083 /* PCMJitterBuffer in Frameworks */ = {isa = PBXBuildFile; productRef = 1AD803BDA4DC219FF701FB37 /* PCMJitterBuffer */; };
		8C64FD55DBB488C6043CA030 /* PCMPassthrough in Frameworks */ = {isa = PBXBuildFile; productRef = 5B1EA0345C776C5696C7EA2F /* PCMPassthrough */; };
		9F90C984CFAC16CD9055D9F2 /* AUProcessor in CopyFiles */ = {isa = PBXBuildFile; productRef = 0C450AC81DF406E297AA5C0F /* AUProcessor */; settings = {ATTRIBUTES = (CodeSignOnCopy, ); }; };
		AA89A95258B8AD165649D034 /* PCMMixer in Frameworks */ = {isa = PBXBuildFile; productRef = 97F181EF50161793627B259B /* PCMMixer */; };
		ABB3E799D7AF49A5C89A4D1D /* PCMUDPReceiver in Frameworks */ = {isa = PBXBuildFile; productRef = E99738898D9599DAC90193CC /* PCMUDPReceiver */; };
		B55DF438D08A4992D16111A5 /* PCMMixer in CopyFiles */ = {isa = PBXBuildFile; productRef = 97F181EF50161793627B259B /* PCMMixer */; settings = {ATTRIBUTES = (CodeSignOnCopy, ); }; };
		C01364B12A20465482BA3899 /* convenience.c in Sources */ = {isa = PBXBuildFile; fileRef = A17010DEBCF7482281577816 /* convenience.c */; };
		CF775919938149B7836375F4 /* libusb-1.0.0.dylib in Embed Frameworks */ = {isa = PBXBuildFile; fileRef = A80167D04BF74E1288A14B9B /* libusb-1.0.0.dylib */; settings = {ATTRIBUTES = (CodeSignOnCopy, ); }; };
		DB5A20EE6CFE4048B722772C /* rtl_fm_localradio in CopyFiles */ = {isa = PBXBuildFile; fileRef = 049830B9029346CEA2B6CA57 /* rtl_fm_localradio */; settings = {ATTRIBUTES = (CodeSignOnCopy, ); }; };
		EBE4EA8F13C94E588585C360 /* rtl_fm_localradio.m in Sources */ = {isa = PBXBuildFile; fileRef = 35BF97FA87664F8BB526D86A /* rtl_fm_localradio.m */; };
		F3CA606A9E82643AF40DB604 /* LiveAudioRecorder in CopyFiles */ = {isa = PBXBuildFile; productRef = 18785847439A147EDA809002 /* LiveAudioRecorder */; settings = {ATTRIBUTES = (CodeSignOnCopy, ); }; };
		FFE9A00AFE4C0412E8B896E8 /* AudioInputCapture in Frameworks */ = {isa = PBXBuildFile; productRef = B43A6DCA67C7CB4EC12E5AFE /* AudioInputCapture */; };
/* End PBXBuildFile section */

/* Begin PBXContainerItemProxy section */
		0EAEB95C2FF95D2700BA711A /* PBXContainerItemProxy */ = {
			isa = PBXContainerItemProxy;
			containerPortal = 0EAEB9462FF95D2500BA711A /* Project object */;
			proxyType = 1;
			remoteGlobalIDString = 0EAEB94D2FF95D2500BA711A;
			remoteInfo = ControlBooth;
		};
		0EAEB9662FF95D2700BA711A /* PBXContainerItemProxy */ = {
			isa = PBXContainerItemProxy;
			containerPortal = 0EAEB9462FF95D2500BA711A /* Project object */;
			proxyType = 1;
			remoteGlobalIDString = 0EAEB94D2FF95D2500BA711A;
			remoteInfo = ControlBooth;
		};
		C3467DBDC3544AB7B04579A7 /* PBXContainerItemProxy */ = {
			isa = PBXContainerItemProxy;
			containerPortal = 0EAEB9462FF95D2500BA711A /* Project object */;
			proxyType = 1;
			remoteGlobalIDString = AEA7A6C7B2094D7E99066DC5;
			remoteInfo = rtl_fm_localradio;
		};
/* End PBXContainerItemProxy section */

/* Begin PBXCopyFilesBuildPhase section */
		0EAEB9B62FF9882400BA711A /* CopyFiles */ = {
			isa = PBXCopyFilesBuildPhase;
			buildActionMask = 2147483647;
			dstPath = Contents/Helpers;
			dstSubfolderSpec = 1;
			files = (
				0EAEBB022FFAC00000BA711A /* PCMUDPSender in CopyFiles */,
				9F90C984CFAC16CD9055D9F2 /* AUProcessor in CopyFiles */,
				10352754EA18CC5C69347D77 /* AudioInputCapture in CopyFiles */,
				5A635DCB2DFC9824FC762066 /* FMDeemphasis in CopyFiles */,
				B55DF438D08A4992D16111A5 /* PCMMixer in CopyFiles */,
				7AC187A53A2FACC0B1D039C9 /* PCMPassthrough in CopyFiles */,
				64DF77E2925A3D6D828B8EC1 /* PCMSpeechSynth in CopyFiles */,
				5358E35F01A032CD673C6D51 /* PCMUDPReceiver in CopyFiles */,
				0DB533FFB7D9D2B75A6AB91F /* PCMJitterBuffer in CopyFiles */,
				F3CA606A9E82643AF40DB604 /* LiveAudioRecorder in CopyFiles */,
				DB5A20EE6CFE4048B722772C /* rtl_fm_localradio in CopyFiles */,
				D1AF7E60000000000000000C /* PCMDistanceGain in CopyFiles */,
				D1AF7E61000000000000000C /* PCMBinauralPanner in CopyFiles */,
			);
			runOnlyForDeploymentPostprocessing = 0;
		};
		5198AF1DAA34411BABD738B3 /* Embed Frameworks */ = {
			isa = PBXCopyFilesBuildPhase;
			buildActionMask = 2147483647;
			dstPath = "";
			dstSubfolderSpec = 10;
			files = (
				CF775919938149B7836375F4 /* libusb-1.0.0.dylib in Embed Frameworks */,
				66F829E0E38840F09B6E93FE /* librtlsdr.framework in Embed Frameworks */,
			);
			name = "Embed Frameworks";
			runOnlyForDeploymentPostprocessing = 0;
		};
/* End PBXCopyFilesBuildPhase section */

/* Begin PBXFileReference section */
		049830B9029346CEA2B6CA57 /* rtl_fm_localradio */ = {isa = PBXFileReference; explicitFileType = "compiled.mach-o.executable"; includeInIndex = 0; path = rtl_fm_localradio; sourceTree = BUILT_PRODUCTS_DIR; };
		0EAEB94E2FF95D2500BA711A /* ControlBooth.app */ = {isa = PBXFileReference; explicitFileType = wrapper.application; includeInIndex = 0; path = ControlBooth.app; sourceTree = BUILT_PRODUCTS_DIR; };
		0EAEB95B2FF95D2700BA711A /* ControlBoothTests.xctest */ = {isa = PBXFileReference; explicitFileType = wrapper.cfbundle; includeInIndex = 0; path = ControlBoothTests.xctest; sourceTree = BUILT_PRODUCTS_DIR; };
		0EAEB9652FF95D2700BA711A /* ControlBoothUITests.xctest */ = {isa = PBXFileReference; explicitFileType = wrapper.cfbundle; includeInIndex = 0; path = ControlBoothUITests.xctest; sourceTree = BUILT_PRODUCTS_DIR; };
		122003304CD5476295D4A901 /* librtlsdr.framework */ = {isa = PBXFileReference; lastKnownFileType = wrapper.framework; name = librtlsdr.framework; path = "librtlsdr.xcframework/macos-arm64/librtlsdr.framework"; sourceTree = "<group>"; };
		35BF97FA87664F8BB526D86A /* rtl_fm_localradio.m */ = {isa = PBXFileReference; lastKnownFileType = sourcecode.c.objc; path = rtl_fm_localradio.m; sourceTree = "<group>"; };
		A17010DEBCF7482281577816 /* convenience.c */ = {isa = PBXFileReference; lastKnownFileType = sourcecode.c.c; path = convenience.c; sourceTree = "<group>"; };
		A80167D04BF74E1288A14B9B /* libusb-1.0.0.dylib */ = {isa = PBXFileReference; lastKnownFileType = "compiled.mach-o.dylib"; path = "libusb-1.0.0.dylib"; sourceTree = "<group>"; };
		E8AC65256C2D46D683EA14FE /* rtl_convenience.c */ = {isa = PBXFileReference; lastKnownFileType = sourcecode.c.c; path = rtl_convenience.c; sourceTree = "<group>"; };
/* End PBXFileReference section */

/* Begin PBXFileSystemSynchronizedRootGroup section */
		0EAEB9502FF95D2500BA711A /* ControlBooth */ = {
			isa = PBXFileSystemSynchronizedRootGroup;
			path = ControlBooth;
			sourceTree = "<group>";
		};
		0EAEB95E2FF95D2700BA711A /* ControlBoothTests */ = {
			isa = PBXFileSystemSynchronizedRootGroup;
			path = ControlBoothTests;
			sourceTree = "<group>";
		};
		0EAEB9682FF95D2700BA711A /* ControlBoothUITests */ = {
			isa = PBXFileSystemSynchronizedRootGroup;
			path = ControlBoothUITests;
			sourceTree = "<group>";
		};
/* End PBXFileSystemSynchronizedRootGroup section */

/* Begin PBXFrameworksBuildPhase section */
		0EAEB94B2FF95D2500BA711A /* Frameworks */ = {
			isa = PBXFrameworksBuildPhase;
			buildActionMask = 2147483647;
			files = (
				0E2AEE3330106E75007F4143 /* PCMUDPSender in Frameworks */,
				0EAEB9E12FFAA29A00BA711A /* PipelineRunner in Frameworks */,
				0EAEB9B42FF9865E00BA711A /* GRDB in Frameworks */,
				0EAEBC032FFAD00000BA711A /* AirPlayReceiver in Frameworks */,
				5F5D5331CBCE13CD8A221237 /* SharedLogging in Frameworks */,
				1635675B4339037BAEBC13E9 /* AUProcessor in Frameworks */,
				FFE9A00AFE4C0412E8B896E8 /* AudioInputCapture in Frameworks */,
				232D8F546066DC5AD8B07479 /* FMDeemphasis in Frameworks */,
				AA89A95258B8AD165649D034 /* PCMMixer in Frameworks */,
				8C64FD55DBB488C6043CA030 /* PCMPassthrough in Frameworks */,
				04682A61C5430A617C6A4387 /* PCMSpeechSynth in Frameworks */,
				ABB3E799D7AF49A5C89A4D1D /* PCMUDPReceiver in Frameworks */,
				87C3FE52371D7713823E1083 /* PCMJitterBuffer in Frameworks */,
				682B2C68708AF6B3ABA5A039 /* LiveAudioRecorder in Frameworks */,
				D1AF7E60000000000000000A /* PCMDistanceGain in Frameworks */,
				D1AF7E61000000000000000A /* PCMBinauralPanner in Frameworks */,
			);
			runOnlyForDeploymentPostprocessing = 0;
		};
		0EAEB9582FF95D2700BA711A /* Frameworks */ = {
			isa = PBXFrameworksBuildPhase;
			buildActionMask = 2147483647;
			files = (
			);
			runOnlyForDeploymentPostprocessing = 0;
		};
		0EAEB9622FF95D2700BA711A /* Frameworks */ = {
			isa = PBXFrameworksBuildPhase;
			buildActionMask = 2147483647;
			files = (
			);
			runOnlyForDeploymentPostprocessing = 0;
		};
		F2AF1A1238D1463C97760C1D /* Frameworks */ = {
			isa = PBXFrameworksBuildPhase;
			buildActionMask = 2147483647;
			files = (
			);
			runOnlyForDeploymentPostprocessing = 0;
		};
/* End PBXFrameworksBuildPhase section */

/* Begin PBXGroup section */
		0EAEB9452FF95D2500BA711A = {
			isa = PBXGroup;
			children = (
				0EAEB9502FF95D2500BA711A /* ControlBooth */,
				0EAEB95E2FF95D2700BA711A /* ControlBoothTests */,
				0EAEB9682FF95D2700BA711A /* ControlBoothUITests */,
				D0FCF95071CD48B0B6585F3B /* rtl_fm_localradio_src */,
				122003304CD5476295D4A901 /* librtlsdr.framework */,
				0EAEB9B72FF98D0200BA711A /* Frameworks */,
				0EAEB94F2FF95D2500BA711A /* Products */,
			);
			sourceTree = "<group>";
		};
		0EAEB94F2FF95D2500BA711A /* Products */ = {
			isa = PBXGroup;
			children = (
				0EAEB94E2FF95D2500BA711A /* ControlBooth.app */,
				0EAEB95B2FF95D2700BA711A /* ControlBoothTests.xctest */,
				0EAEB9652FF95D2700BA711A /* ControlBoothUITests.xctest */,
				049830B9029346CEA2B6CA57 /* rtl_fm_localradio */,
			);
			name = Products;
			sourceTree = "<group>";
		};
		0EAEB9B72FF98D0200BA711A /* Frameworks */ = {
			isa = PBXGroup;
			children = (
				A80167D04BF74E1288A14B9B /* libusb-1.0.0.dylib */,
			);
			path = Frameworks;
			sourceTree = "<group>";
		};
		D0FCF95071CD48B0B6585F3B /* rtl_fm_localradio_src */ = {
			isa = PBXGroup;
			children = (
				35BF97FA87664F8BB526D86A /* rtl_fm_localradio.m */,
				FC5B92B67232450A878D84FC /* convenience */,
			);
			path = rtl_fm_localradio_src;
			sourceTree = "<group>";
		};
		FC5B92B67232450A878D84FC /* convenience */ = {
			isa = PBXGroup;
			children = (
				A17010DEBCF7482281577816 /* convenience.c */,
				E8AC65256C2D46D683EA14FE /* rtl_convenience.c */,
			);
			path = convenience;
			sourceTree = "<group>";
		};
/* End PBXGroup section */

/* Begin PBXNativeTarget section */
		0EAEB94D2FF95D2500BA711A /* ControlBooth */ = {
			isa = PBXNativeTarget;
			buildConfigurationList = 0EAEB96F2FF95D2700BA711A /* Build configuration list for PBXNativeTarget "ControlBooth" */;
			buildPhases = (
				0EAEB94A2FF95D2500BA711A /* Sources */,
				0EAEB94B2FF95D2500BA711A /* Frameworks */,
				0EAEB94C2FF95D2500BA711A /* Resources */,
				0EAEB9B62FF9882400BA711A /* CopyFiles */,
				5198AF1DAA34411BABD738B3 /* Embed Frameworks */,
				0EAEBC052FFAD00000BA711A /* Embed AirPlayReceiver Helper */,
			);
			buildRules = (
			);
			dependencies = (
				6DD9CC6D60F34B57B959883F /* PBXTargetDependency */,
			);
			fileSystemSynchronizedGroups = (
				0EAEB9502FF95D2500BA711A /* ControlBooth */,
			);
			name = ControlBooth;
			packageProductDependencies = (
				0EAEB9B32FF9865E00BA711A /* GRDB */,
				0EAEB9E02FFAA29A00BA711A /* PipelineRunner */,
				0EAEBB012FFAC00000BA711A /* PCMUDPSender */,
				0EAEBC022FFAD00000BA711A /* AirPlayReceiver */,
				A578DEEA8DE804E207930937 /* SharedLogging */,
				0C450AC81DF406E297AA5C0F /* AUProcessor */,
				B43A6DCA67C7CB4EC12E5AFE /* AudioInputCapture */,
				84525C229CAA1ABF25B01E0C /* FMDeemphasis */,
				97F181EF50161793627B259B /* PCMMixer */,
				5B1EA0345C776C5696C7EA2F /* PCMPassthrough */,
				E87D80B587E6E414ACF764FE /* PCMSpeechSynth */,
				E99738898D9599DAC90193CC /* PCMUDPReceiver */,
				1AD803BDA4DC219FF701FB37 /* PCMJitterBuffer */,
				18785847439A147EDA809002 /* LiveAudioRecorder */,
				D1AF7E60000000000000000B /* PCMDistanceGain */,
				D1AF7E61000000000000000B /* PCMBinauralPanner */,
			);
			productName = ControlBooth;
			productReference = 0EAEB94E2FF95D2500BA711A /* ControlBooth.app */;
			productType = "com.apple.product-type.application";
		};
		0EAEB95A2FF95D2700BA711A /* ControlBoothTests */ = {
			isa = PBXNativeTarget;
			buildConfigurationList = 0EAEB9722FF95D2700BA711A /* Build configuration list for PBXNativeTarget "ControlBoothTests" */;
			buildPhases = (
				0EAEB9572FF95D2700BA711A /* Sources */,
				0EAEB9582FF95D2700BA711A /* Frameworks */,
				0EAEB9592FF95D2700BA711A /* Resources */,
			);
			buildRules = (
			);
			dependencies = (
				0EAEB95D2FF95D2700BA711A /* PBXTargetDependency */,
			);
			fileSystemSynchronizedGroups = (
				0EAEB95E2FF95D2700BA711A /* ControlBoothTests */,
			);
			name = ControlBoothTests;
			packageProductDependencies = (
			);
			productName = ControlBoothTests;
			productReference = 0EAEB95B2FF95D2700BA711A /* ControlBoothTests.xctest */;
			productType = "com.apple.product-type.bundle.unit-test";
		};
		0EAEB9642FF95D2700BA711A /* ControlBoothUITests */ = {
			isa = PBXNativeTarget;
			buildConfigurationList = 0EAEB9752FF95D2700BA711A /* Build configuration list for PBXNativeTarget "ControlBoothUITests" */;
			buildPhases = (
				0EAEB9612FF95D2700BA711A /* Sources */,
				0EAEB9622FF95D2700BA711A /* Frameworks */,
				0EAEB9632FF95D2700BA711A /* Resources */,
			);
			buildRules = (
			);
			dependencies = (
				0EAEB9672FF95D2700BA711A /* PBXTargetDependency */,
			);
			fileSystemSynchronizedGroups = (
				0EAEB9682FF95D2700BA711A /* ControlBoothUITests */,
			);
			name = ControlBoothUITests;
			packageProductDependencies = (
			);
			productName = ControlBoothUITests;
			productReference = 0EAEB9652FF95D2700BA711A /* ControlBoothUITests.xctest */;
			productType = "com.apple.product-type.bundle.ui-testing";
		};
		AEA7A6C7B2094D7E99066DC5 /* rtl_fm_localradio */ = {
			isa = PBXNativeTarget;
			buildConfigurationList = 2A30E2CEF8C64498AEDA307D /* Build configuration list for PBXNativeTarget "rtl_fm_localradio" */;
			buildPhases = (
				F94E76A23E6C4A61ADF2D951 /* Sources */,
				F2AF1A1238D1463C97760C1D /* Frameworks */,
				497D91CC25A947DBB606EB31 /* run install_name_tool */,
			);
			buildRules = (
			);
			dependencies = (
			);
			name = rtl_fm_localradio;
			productName = rtl_fm_localradio;
			productReference = 049830B9029346CEA2B6CA57 /* rtl_fm_localradio */;
			productType = "com.apple.product-type.tool";
		};
/* End PBXNativeTarget section */

/* Begin PBXProject section */
		0EAEB9462FF95D2500BA711A /* Project object */ = {
			isa = PBXProject;
			attributes = {
				BuildIndependentTargetsInParallel = 1;
				LastSwiftUpdateCheck = 2660;
				LastUpgradeCheck = 2660;
				TargetAttributes = {
					0EAEB94D2FF95D2500BA711A = {
						CreatedOnToolsVersion = 26.6;
					};
					0EAEB95A2FF95D2700BA711A = {
						CreatedOnToolsVersion = 26.6;
						TestTargetID = 0EAEB94D2FF95D2500BA711A;
					};
					0EAEB9642FF95D2700BA711A = {
						CreatedOnToolsVersion = 26.6;
						TestTargetID = 0EAEB94D2FF95D2500BA711A;
					};
					AEA7A6C7B2094D7E99066DC5 = {
						CreatedOnToolsVersion = 26.6;
					};
				};
			};
			buildConfigurationList = 0EAEB9492FF95D2500BA711A /* Build configuration list for PBXProject "ControlBooth" */;
			developmentRegion = en;
			hasScannedForEncodings = 0;
			knownRegions = (
				en,
				Base,
			);
			mainGroup = 0EAEB9452FF95D2500BA711A;
			minimizedProjectReferenceProxies = 1;
			packageReferences = (
				0EAEB9B22FF9865E00BA711A /* XCRemoteSwiftPackageReference "GRDB" */,
				F49B8DC63689EDF41AD7E5E6 /* XCLocalSwiftPackageReference "../PipelineHelpers" */,
				0EAEBC012FFAD00000BA711A /* XCLocalSwiftPackageReference "../AirPlayReceiver" */,
				F5FAD7DC4E894EF44C90EEB6 /* XCLocalSwiftPackageReference "../SharedLogging" */,
			);
			preferredProjectObjectVersion = 77;
			productRefGroup = 0EAEB94F2FF95D2500BA711A /* Products */;
			projectDirPath = "";
			projectRoot = "";
			targets = (
				0EAEB94D2FF95D2500BA711A /* ControlBooth */,
				0EAEB95A2FF95D2700BA711A /* ControlBoothTests */,
				0EAEB9642FF95D2700BA711A /* ControlBoothUITests */,
				AEA7A6C7B2094D7E99066DC5 /* rtl_fm_localradio */,
			);
		};
/* End PBXProject section */

/* Begin PBXResourcesBuildPhase section */
		0EAEB94C2FF95D2500BA711A /* Resources */ = {
			isa = PBXResourcesBuildPhase;
			buildActionMask = 2147483647;
			files = (
			);
			runOnlyForDeploymentPostprocessing = 0;
		};
		0EAEB9592FF95D2700BA711A /* Resources */ = {
			isa = PBXResourcesBuildPhase;
			buildActionMask = 2147483647;
			files = (
			);
			runOnlyForDeploymentPostprocessing = 0;
		};
		0EAEB9632FF95D2700BA711A /* Resources */ = {
			isa = PBXResourcesBuildPhase;
			buildActionMask = 2147483647;
			files = (
			);
			runOnlyForDeploymentPostprocessing = 0;
		};
/* End PBXResourcesBuildPhase section */

/* Begin PBXShellScriptBuildPhase section */
		0EAEBC052FFAD00000BA711A /* Embed AirPlayReceiver Helper */ = {
			isa = PBXShellScriptBuildPhase;
			alwaysOutOfDate = 1;
			buildActionMask = 2147483647;
			files = (
			);
			inputFileListPaths = (
			);
			inputPaths = (
				"$(SRCROOT)/../AntennaHead/sox",
				"$(SRCROOT)/../AntennaHead/stereodemux",
				"$(SRCROOT)/../AntennaHead/libliquid.dylib",
				"$(SRCROOT)/../AntennaHead/libfec.dylib",
				"$(SRCROOT)/../AntennaHead/libfftw3f.3.dylib",
				"$(SRCROOT)/../AntennaHead/libsndfile.1.dylib",
				"$(SRCROOT)/../AntennaHead/libFLAC.14.dylib",
				"$(SRCROOT)/../AntennaHead/libvorbisenc.2.dylib",
				"$(SRCROOT)/../AntennaHead/libmp3lame.0.dylib",
				"$(SRCROOT)/../AntennaHead/libogg.0.dylib",
				"$(SRCROOT)/../AntennaHead/libmpg123.0.dylib",
				"$(SRCROOT)/../AntennaHead/libopus.0.dylib",
				"$(SRCROOT)/../AntennaHead/libvorbis.0.dylib",
				"$(BUILT_PRODUCTS_DIR)/AirPlayReceiver_AirPlayReceiver.bundle/Contents/Resources/Resources/shairport-sync",
				"$(BUILT_PRODUCTS_DIR)/AirPlayReceiver_AirPlayReceiver.bundle/Contents/Resources/Resources/Frameworks/libconfig.11.dylib",
				"$(BUILT_PRODUCTS_DIR)/AirPlayReceiver_AirPlayReceiver.bundle/Contents/Resources/Resources/Frameworks/libcrypto.3.dylib",
				"$(BUILT_PRODUCTS_DIR)/AirPlayReceiver_AirPlayReceiver.bundle/Contents/Resources/Resources/Frameworks/libiconv.2.dylib",
				"$(BUILT_PRODUCTS_DIR)/AirPlayReceiver_AirPlayReceiver.bundle/Contents/Resources/Resources/Frameworks/libintl.8.dylib",
				"$(BUILT_PRODUCTS_DIR)/AirPlayReceiver_AirPlayReceiver.bundle/Contents/Resources/Resources/Frameworks/libpopt.0.dylib",
				"$(BUILT_PRODUCTS_DIR)/AirPlayReceiver_AirPlayReceiver.bundle/Contents/Resources/Resources/Frameworks/libsoxr.0.dylib",
				"$(BUILT_PRODUCTS_DIR)/AirPlayReceiver_AirPlayReceiver.bundle/Contents/Resources/Resources/Frameworks/libssl.3.dylib",
				"$(BUILT_PRODUCTS_DIR)/AirPlayReceiver_AirPlayReceiver.bundle/Contents/Resources/Resources/Frameworks/libz.1.dylib",
				"$(SRCROOT)/ffmpeg",
				"$(SRCROOT)/libavcodec.62.dylib",
				"$(SRCROOT)/libavfilter.11.dylib",
				"$(SRCROOT)/libavformat.62.dylib",
				"$(SRCROOT)/libavutil.60.dylib",
				"$(SRCROOT)/libswresample.6.dylib",
				"$(SRCROOT)/libgnutls.30.dylib",
				"$(SRCROOT)/libnettle.8.dylib",
				"$(SRCROOT)/libhogweed.6.dylib",
				"$(SRCROOT)/libgmp.10.dylib",
				"$(SRCROOT)/libp11-kit.0.dylib",
				"$(SRCROOT)/libtasn1.6.dylib",
				"$(SRCROOT)/libidn2.0.dylib",
				"$(SRCROOT)/libunistring.5.dylib",
				"$(SRCROOT)/libbrotlicommon.1.dylib",
				"$(SRCROOT)/libbrotlidec.1.dylib",
				"$(SRCROOT)/libbrotlienc.1.dylib",
				"$(SRCROOT)/libbz2.1.0.dylib",
				"$(SRCROOT)/liblzma.5.dylib",
				"$(SRCROOT)/libffi.8.dylib",
				"$(SRCROOT)/libzstd.1.dylib",
			);
			name = "Embed AirPlayReceiver Helper";
			outputFileListPaths = (
			);
			outputPaths = (
				"$(TARGET_BUILD_DIR)/$(WRAPPER_NAME)/Contents/Helpers/sox",
				"$(TARGET_BUILD_DIR)/$(WRAPPER_NAME)/Contents/Helpers/stereodemux",
				"$(TARGET_BUILD_DIR)/$(WRAPPER_NAME)/Contents/Frameworks/libliquid.dylib",
				"$(TARGET_BUILD_DIR)/$(WRAPPER_NAME)/Contents/Frameworks/libfec.dylib",
				"$(TARGET_BUILD_DIR)/$(WRAPPER_NAME)/Contents/Frameworks/libfftw3f.3.dylib",
				"$(TARGET_BUILD_DIR)/$(WRAPPER_NAME)/Contents/Frameworks/libsndfile.1.dylib",
				"$(TARGET_BUILD_DIR)/$(WRAPPER_NAME)/Contents/Frameworks/libFLAC.14.dylib",
				"$(TARGET_BUILD_DIR)/$(WRAPPER_NAME)/Contents/Frameworks/libvorbisenc.2.dylib",
				"$(TARGET_BUILD_DIR)/$(WRAPPER_NAME)/Contents/Frameworks/libmp3lame.0.dylib",
				"$(TARGET_BUILD_DIR)/$(WRAPPER_NAME)/Contents/Frameworks/libogg.0.dylib",
				"$(TARGET_BUILD_DIR)/$(WRAPPER_NAME)/Contents/Frameworks/libmpg123.0.dylib",
				"$(TARGET_BUILD_DIR)/$(WRAPPER_NAME)/Contents/Frameworks/libopus.0.dylib",
				"$(TARGET_BUILD_DIR)/$(WRAPPER_NAME)/Contents/Frameworks/libvorbis.0.dylib",
				"$(TARGET_BUILD_DIR)/$(WRAPPER_NAME)/Contents/Helpers/shairport-sync",
				"$(TARGET_BUILD_DIR)/$(WRAPPER_NAME)/Contents/Frameworks/libconfig.11.dylib",
				"$(TARGET_BUILD_DIR)/$(WRAPPER_NAME)/Contents/Frameworks/libcrypto.3.dylib",
				"$(TARGET_BUILD_DIR)/$(WRAPPER_NAME)/Contents/Frameworks/libiconv.2.dylib",
				"$(TARGET_BUILD_DIR)/$(WRAPPER_NAME)/Contents/Frameworks/libintl.8.dylib",
				"$(TARGET_BUILD_DIR)/$(WRAPPER_NAME)/Contents/Frameworks/libpopt.0.dylib",
				"$(TARGET_BUILD_DIR)/$(WRAPPER_NAME)/Contents/Frameworks/libsoxr.0.dylib",
				"$(TARGET_BUILD_DIR)/$(WRAPPER_NAME)/Contents/Frameworks/libssl.3.dylib",
				"$(TARGET_BUILD_DIR)/$(WRAPPER_NAME)/Contents/Frameworks/libz.1.dylib",
				"$(TARGET_BUILD_DIR)/$(WRAPPER_NAME)/Contents/Helpers/ffmpeg",
				"$(TARGET_BUILD_DIR)/$(WRAPPER_NAME)/Contents/Frameworks/libavcodec.62.dylib",
				"$(TARGET_BUILD_DIR)/$(WRAPPER_NAME)/Contents/Frameworks/libavfilter.11.dylib",
				"$(TARGET_BUILD_DIR)/$(WRAPPER_NAME)/Contents/Frameworks/libavformat.62.dylib",
				"$(TARGET_BUILD_DIR)/$(WRAPPER_NAME)/Contents/Frameworks/libavutil.60.dylib",
				"$(TARGET_BUILD_DIR)/$(WRAPPER_NAME)/Contents/Frameworks/libswresample.6.dylib",
				"$(TARGET_BUILD_DIR)/$(WRAPPER_NAME)/Contents/Frameworks/libgnutls.30.dylib",
				"$(TARGET_BUILD_DIR)/$(WRAPPER_NAME)/Contents/Frameworks/libnettle.8.dylib",
				"$(TARGET_BUILD_DIR)/$(WRAPPER_NAME)/Contents/Frameworks/libhogweed.6.dylib",
				"$(TARGET_BUILD_DIR)/$(WRAPPER_NAME)/Contents/Frameworks/libgmp.10.dylib",
				"$(TARGET_BUILD_DIR)/$(WRAPPER_NAME)/Contents/Frameworks/libp11-kit.0.dylib",
				"$(TARGET_BUILD_DIR)/$(WRAPPER_NAME)/Contents/Frameworks/libtasn1.6.dylib",
				"$(TARGET_BUILD_DIR)/$(WRAPPER_NAME)/Contents/Frameworks/libidn2.0.dylib",
				"$(TARGET_BUILD_DIR)/$(WRAPPER_NAME)/Contents/Frameworks/libunistring.5.dylib",
				"$(TARGET_BUILD_DIR)/$(WRAPPER_NAME)/Contents/Frameworks/libbrotlicommon.1.dylib",
				"$(TARGET_BUILD_DIR)/$(WRAPPER_NAME)/Contents/Frameworks/libbrotlidec.1.dylib",
				"$(TARGET_BUILD_DIR)/$(WRAPPER_NAME)/Contents/Frameworks/libbrotlienc.1.dylib",
				"$(TARGET_BUILD_DIR)/$(WRAPPER_NAME)/Contents/Frameworks/libbz2.1.0.dylib",
				"$(TARGET_BUILD_DIR)/$(WRAPPER_NAME)/Contents/Frameworks/liblzma.5.dylib",
				"$(TARGET_BUILD_DIR)/$(WRAPPER_NAME)/Contents/Frameworks/libffi.8.dylib",
				"$(TARGET_BUILD_DIR)/$(WRAPPER_NAME)/Contents/Frameworks/libzstd.1.dylib",
			);
			runOnlyForDeploymentPostprocessing = 0;
			shellPath = /bin/sh;
			shellScript = "set -e\n# shairport-sync / sox / stereodemux / ffmpeg and their dylib closures are\n# vendored ad-hoc signed (by scripts/build-shairport-sync.sh and the sibling\n# AntennaHead / ControlBooth checkouts). Copy each into the app, then re-sign it\n# with this target's real signing identity + hardened runtime (plus a secure\n# timestamp for Release) so the app can be notarized -- Apple's notary service\n# rejects ad-hoc signed Mach-O.\nBUNDLE=\"${BUILT_PRODUCTS_DIR}/AirPlayReceiver_AirPlayReceiver.bundle/Contents/Resources/Resources\"\nAPP_DIR=\"${TARGET_BUILD_DIR}/${WRAPPER_NAME}\"\nHELPERS_DIR=\"${APP_DIR}/Contents/Helpers\"\nFRAMEWORKS_DIR=\"${APP_DIR}/Contents/Frameworks\"\nmkdir -p \"${HELPERS_DIR}\" \"${FRAMEWORKS_DIR}\"\n\nSIGN_ID=\"${EXPANDED_CODE_SIGN_IDENTITY:-}\"\nTS=\"--timestamp\"\nif [ \"${CONFIGURATION}\" = \"Debug\" ]; then TS=\"--timestamp=none\"; fi\nresign() {\n  [ -f \"$1\" ] || return 0\n  { [ -n \"${SIGN_ID}\" ] && [ \"${SIGN_ID}\" != \"-\" ]; } || return 0\n  codesign --force --options runtime ${TS} --sign \"${SIGN_ID}\" \"$1\"\n}\n\n# ControlBooth doesn't otherwise bundle sox (its user pipelines reference\n# tools by absolute path), but AirPlayReceiverController's resample stage\n# needs Contents/Helpers/sox like AntennaHead already has; vendor it from\n# the sibling AntennaHead checkout in this umbrella.\ncp -f \"${SRCROOT}/../AntennaHead/sox\" \"${HELPERS_DIR}/sox\"\nchmod +x \"${HELPERS_DIR}/sox\"\nresign \"${HELPERS_DIR}/sox\"\n\n# stereodemux (FM-stereo multiplex decoder) is likewise only vendored as a\n# plain binary in the AntennaHead checkout, not an SPM package product;\n# vendor it the same way as sox above, plus its own dylib dependency closure\n# (liquid-dsp for the demod math, libsndfile and the audio codecs it links,\n# none of which ControlBooth otherwise bundles).\ncp -f \"${SRCROOT}/../AntennaHead/stereodemux\" \"${HELPERS_DIR}/stereodemux\"\nchmod +x \"${HELPERS_DIR}/stereodemux\"\nresign \"${HELPERS_DIR}/stereodemux\"\n\nfor name in libliquid.dylib libfec.dylib libfftw3f.3.dylib libsndfile.1.dylib libFLAC.14.dylib libvorbisenc.2.dylib libmp3lame.0.dylib libogg.0.dylib libmpg123.0.dylib libopus.0.dylib libvorbis.0.dylib; do\n  cp -f \"${SRCROOT}/../AntennaHead/${name}\" \"${FRAMEWORKS_DIR}/${name}\"\n  resign \"${FRAMEWORKS_DIR}/${name}\"\ndone\n\nSHAIRPORT_LIBS=\"libconfig.11.dylib libcrypto.3.dylib libiconv.2.dylib libintl.8.dylib libpopt.0.dylib libsoxr.0.dylib libssl.3.dylib libz.1.dylib\"\nfor name in ${SHAIRPORT_LIBS}; do\n  cp -f \"${BUNDLE}/Frameworks/${name}\" \"${FRAMEWORKS_DIR}/${name}\"\n  resign \"${FRAMEWORKS_DIR}/${name}\"\ndone\n\ncp -f \"${BUNDLE}/shairport-sync\" \"${HELPERS_DIR}/shairport-sync\"\nchmod +x \"${HELPERS_DIR}/shairport-sync\"\nresign \"${HELPERS_DIR}/shairport-sync\"\n\n# ffmpeg (LGPL-only custom build: --disable-gpl --disable-nonfree, with\n# X11/AppKit/CoreImage/SDL2/avfoundation stripped since VideoToolbox pulls\n# in an unconditional -lX11 on Darwin otherwise) -- decodes arbitrary\n# HTTP(S)/HLS web-radio streams into raw PCM for user-authored ControlBooth\n# pipelines to hand off to PCMUDPSender. Not an SPM package product;\n# vendored as a plain binary + its dylib closure from ControlBooth's own\n# checkout. All install names already point at @executable_path/../Frameworks/\n# <name>. libz.1/libintl.8/libiconv.2 are deliberately NOT re-vendored -- the\n# shairport-sync block above already provides SONAME-compatible copies at the\n# same destination.\ncp -f \"${SRCROOT}/ffmpeg\" \"${HELPERS_DIR}/ffmpeg\"\nchmod +x \"${HELPERS_DIR}/ffmpeg\"\nresign \"${HELPERS_DIR}/ffmpeg\"\n\nfor name in libavcodec.62.dylib libavfilter.11.dylib libavformat.62.dylib libavutil.60.dylib libswresample.6.dylib libgnutls.30.dylib libnettle.8.dylib libhogweed.6.dylib libgmp.10.dylib libp11-kit.0.dylib libtasn1.6.dylib libidn2.0.dylib libunistring.5.dylib libbrotlicommon.1.dylib libbrotlidec.1.dylib libbrotlienc.1.dylib libbz2.1.0.dylib liblzma.5.dylib libffi.8.dylib libzstd.1.dylib; do\n  cp -f \"${SRCROOT}/${name}\" \"${FRAMEWORKS_DIR}/${name}\"\n  resign \"${FRAMEWORKS_DIR}/${name}\"\ndone\n\n# The AirPlayReceiver SwiftPM resource bundle carries its own copy of the\n# shairport-sync payload; re-sign those in place so they don't fail\n# notarization either.\nAPR_RES=\"${APP_DIR}/Contents/Resources/AirPlayReceiver_AirPlayReceiver.bundle/Contents/Resources/Resources\"\nif [ -d \"${APR_RES}\" ]; then\n  for name in ${SHAIRPORT_LIBS}; do\n    resign \"${APR_RES}/Frameworks/${name}\"\n  done\n  resign \"${APR_RES}/shairport-sync\"\nfi\n";
		};
		497D91CC25A947DBB606EB31 /* run install_name_tool */ = {
			isa = PBXShellScriptBuildPhase;
			buildActionMask = 2147483647;
			files = (
			);
			inputFileListPaths = (
			);
			inputPaths = (
			);
			name = "run install_name_tool";
			outputFileListPaths = (
			);
			outputPaths = (
			);
			runOnlyForDeploymentPostprocessing = 0;
			shellPath = /bin/sh;
			shellScript = "# Must be positioned after Link Binary With Libraries, and before code-signing\nBIN=\"${TARGET_BUILD_DIR}/${EXECUTABLE_PATH}\"\n   install_name_tool -change \\\n       /opt/local/lib/libusb-1.0.0.dylib \\\n       @rpath/libusb-1.0.0.dylib \\\n       \"$BIN\"\n";
		};
/* End PBXShellScriptBuildPhase section */

/* Begin PBXSourcesBuildPhase section */
		0EAEB94A2FF95D2500BA711A /* Sources */ = {
			isa = PBXSourcesBuildPhase;
			buildActionMask = 2147483647;
			files = (
			);
			runOnlyForDeploymentPostprocessing = 0;
		};
		0EAEB9572FF95D2700BA711A /* Sources */ = {
			isa = PBXSourcesBuildPhase;
			buildActionMask = 2147483647;
			files = (
			);
			runOnlyForDeploymentPostprocessing = 0;
		};
		0EAEB9612FF95D2700BA711A /* Sources */ = {
			isa = PBXSourcesBuildPhase;
			buildActionMask = 2147483647;
			files = (
			);
			runOnlyForDeploymentPostprocessing = 0;
		};
		F94E76A23E6C4A61ADF2D951 /* Sources */ = {
			isa = PBXSourcesBuildPhase;
			buildActionMask = 2147483647;
			files = (
				EBE4EA8F13C94E588585C360 /* rtl_fm_localradio.m in Sources */,
				C01364B12A20465482BA3899 /* convenience.c in Sources */,
				7B08C9EEA4924B508E937655 /* rtl_convenience.c in Sources */,
			);
			runOnlyForDeploymentPostprocessing = 0;
		};
/* End PBXSourcesBuildPhase section */

/* Begin PBXTargetDependency section */
		0EAEB95D2FF95D2700BA711A /* PBXTargetDependency */ = {
			isa = PBXTargetDependency;
			target = 0EAEB94D2FF95D2500BA711A /* ControlBooth */;
			targetProxy = 0EAEB95C2FF95D2700BA711A /* PBXContainerItemProxy */;
		};
		0EAEB9672FF95D2700BA711A /* PBXTargetDependency */ = {
			isa = PBXTargetDependency;
			target = 0EAEB94D2FF95D2500BA711A /* ControlBooth */;
			targetProxy = 0EAEB9662FF95D2700BA711A /* PBXContainerItemProxy */;
		};
		6DD9CC6D60F34B57B959883F /* PBXTargetDependency */ = {
			isa = PBXTargetDependency;
			target = AEA7A6C7B2094D7E99066DC5 /* rtl_fm_localradio */;
			targetProxy = C3467DBDC3544AB7B04579A7 /* PBXContainerItemProxy */;
		};
/* End PBXTargetDependency section */

/* Begin XCBuildConfiguration section */
		0EAEB96D2FF95D2700BA711A /* Debug */ = {
			isa = XCBuildConfiguration;
			buildSettings = {
				ALWAYS_SEARCH_USER_PATHS = NO;
				ASSETCATALOG_COMPILER_GENERATE_SWIFT_ASSET_SYMBOL_EXTENSIONS = YES;
				CLANG_ANALYZER_NONNULL = YES;
				CLANG_ANALYZER_NUMBER_OBJECT_CONVERSION = YES_AGGRESSIVE;
				CLANG_CXX_LANGUAGE_STANDARD = "gnu++20";
				CLANG_ENABLE_MODULES = YES;
				CLANG_ENABLE_OBJC_ARC = YES;
				CLANG_ENABLE_OBJC_WEAK = YES;
				CLANG_WARN_BLOCK_CAPTURE_AUTORELEASING = YES;
				CLANG_WARN_BOOL_CONVERSION = YES;
				CLANG_WARN_COMMA = YES;
				CLANG_WARN_CONSTANT_CONVERSION = YES;
				CLANG_WARN_DEPRECATED_OBJC_IMPLEMENTATIONS = YES;
				CLANG_WARN_DIRECT_OBJC_ISA_USAGE = YES_ERROR;
				CLANG_WARN_DOCUMENTATION_COMMENTS = YES;
				CLANG_WARN_EMPTY_BODY = YES;
				CLANG_WARN_ENUM_CONVERSION = YES;
				CLANG_WARN_INFINITE_RECURSION = YES;
				CLANG_WARN_INT_CONVERSION = YES;
				CLANG_WARN_NON_LITERAL_NULL_CONVERSION = YES;
				CLANG_WARN_OBJC_IMPLICIT_RETAIN_SELF = YES;
				CLANG_WARN_OBJC_LITERAL_CONVERSION = YES;
				CLANG_WARN_OBJC_ROOT_CLASS = YES_ERROR;
				CLANG_WARN_QUOTED_INCLUDE_IN_FRAMEWORK_HEADER = YES;
				CLANG_WARN_RANGE_LOOP_ANALYSIS = YES;
				CLANG_WARN_STRICT_PROTOTYPES = YES;
				CLANG_WARN_SUSPICIOUS_MOVE = YES;
				CLANG_WARN_UNGUARDED_AVAILABILITY = YES_AGGRESSIVE;
				CLANG_WARN_UNREACHABLE_CODE = YES;
				CLANG_WARN__DUPLICATE_METHOD_MATCH = YES;
				COPY_PHASE_STRIP = NO;
				DEBUG_INFORMATION_FORMAT = dwarf;
				DEVELOPMENT_TEAM = MMFBWVS455;
				ENABLE_STRICT_OBJC_MSGSEND = YES;
				ENABLE_TESTABILITY = YES;
				ENABLE_USER_SCRIPT_SANDBOXING = NO;
				GCC_C_LANGUAGE_STANDARD = gnu17;
				GCC_DYNAMIC_NO_PIC = NO;
				GCC_NO_COMMON_BLOCKS = YES;
				GCC_OPTIMIZATION_LEVEL = 0;
				GCC_PREPROCESSOR_DEFINITIONS = (
					"DEBUG=1",
					"$(inherited)",
				);
				GCC_WARN_64_TO_32_BIT_CONVERSION = YES;
				GCC_WARN_ABOUT_RETURN_TYPE = YES_ERROR;
				GCC_WARN_UNDECLARED_SELECTOR = YES;
				GCC_WARN_UNINITIALIZED_AUTOS = YES_AGGRESSIVE;
				GCC_WARN_UNUSED_FUNCTION = YES;
				GCC_WARN_UNUSED_VARIABLE = YES;
				LOCALIZATION_PREFERS_STRING_CATALOGS = YES;
				MACOSX_DEPLOYMENT_TARGET = 26.5;
				MTL_ENABLE_DEBUG_INFO = INCLUDE_SOURCE;
				MTL_FAST_MATH = YES;
				ONLY_ACTIVE_ARCH = YES;
				SDKROOT = macosx;
				SWIFT_ACTIVE_COMPILATION_CONDITIONS = "DEBUG $(inherited)";
				SWIFT_OPTIMIZATION_LEVEL = "-Onone";
			};
			name = Debug;
		};
		0EAEB96E2FF95D2700BA711A /* Release */ = {
			isa = XCBuildConfiguration;
			buildSettings = {
				ALWAYS_SEARCH_USER_PATHS = NO;
				ASSETCATALOG_COMPILER_GENERATE_SWIFT_ASSET_SYMBOL_EXTENSIONS = YES;
				CLANG_ANALYZER_NONNULL = YES;
				CLANG_ANALYZER_NUMBER_OBJECT_CONVERSION = YES_AGGRESSIVE;
				CLANG_CXX_LANGUAGE_STANDARD = "gnu++20";
				CLANG_ENABLE_MODULES = YES;
				CLANG_ENABLE_OBJC_ARC = YES;
				CLANG_ENABLE_OBJC_WEAK = YES;
				CLANG_WARN_BLOCK_CAPTURE_AUTORELEASING = YES;
				CLANG_WARN_BOOL_CONVERSION = YES;
				CLANG_WARN_COMMA = YES;
				CLANG_WARN_CONSTANT_CONVERSION = YES;
				CLANG_WARN_DEPRECATED_OBJC_IMPLEMENTATIONS = YES;
				CLANG_WARN_DIRECT_OBJC_ISA_USAGE = YES_ERROR;
				CLANG_WARN_DOCUMENTATION_COMMENTS = YES;
				CLANG_WARN_EMPTY_BODY = YES;
				CLANG_WARN_ENUM_CONVERSION = YES;
				CLANG_WARN_INFINITE_RECURSION = YES;
				CLANG_WARN_INT_CONVERSION = YES;
				CLANG_WARN_NON_LITERAL_NULL_CONVERSION = YES;
				CLANG_WARN_OBJC_IMPLICIT_RETAIN_SELF = YES;
				CLANG_WARN_OBJC_LITERAL_CONVERSION = YES;
				CLANG_WARN_OBJC_ROOT_CLASS = YES_ERROR;
				CLANG_WARN_QUOTED_INCLUDE_IN_FRAMEWORK_HEADER = YES;
				CLANG_WARN_RANGE_LOOP_ANALYSIS = YES;
				CLANG_WARN_STRICT_PROTOTYPES = YES;
				CLANG_WARN_SUSPICIOUS_MOVE = YES;
				CLANG_WARN_UNGUARDED_AVAILABILITY = YES_AGGRESSIVE;
				CLANG_WARN_UNREACHABLE_CODE = YES;
				CLANG_WARN__DUPLICATE_METHOD_MATCH = YES;
				COPY_PHASE_STRIP = NO;
				DEBUG_INFORMATION_FORMAT = "dwarf-with-dsym";
				DEVELOPMENT_TEAM = MMFBWVS455;
				ENABLE_NS_ASSERTIONS = NO;
				ENABLE_STRICT_OBJC_MSGSEND = YES;
				ENABLE_USER_SCRIPT_SANDBOXING = NO;
				GCC_C_LANGUAGE_STANDARD = gnu17;
				GCC_NO_COMMON_BLOCKS = YES;
				GCC_WARN_64_TO_32_BIT_CONVERSION = YES;
				GCC_WARN_ABOUT_RETURN_TYPE = YES_ERROR;
				GCC_WARN_UNDECLARED_SELECTOR = YES;
				GCC_WARN_UNINITIALIZED_AUTOS = YES_AGGRESSIVE;
				GCC_WARN_UNUSED_FUNCTION = YES;
				GCC_WARN_UNUSED_VARIABLE = YES;
				LOCALIZATION_PREFERS_STRING_CATALOGS = YES;
				MACOSX_DEPLOYMENT_TARGET = 26.5;
				MTL_ENABLE_DEBUG_INFO = NO;
				MTL_FAST_MATH = YES;
				SDKROOT = macosx;
				SWIFT_COMPILATION_MODE = wholemodule;
			};
			name = Release;
		};
		0EAEB9702FF95D2700BA711A /* Debug */ = {
			isa = XCBuildConfiguration;
			buildSettings = {
				ASSETCATALOG_COMPILER_APPICON_NAME = ControlBooth;
				ASSETCATALOG_COMPILER_GLOBAL_ACCENT_COLOR_NAME = AccentColor;
				CODE_SIGN_ENTITLEMENTS = ControlBooth.entitlements;
				CODE_SIGN_STYLE = Automatic;
				COMBINE_HIDPI_IMAGES = YES;
				CURRENT_PROJECT_VERSION = 1;
				DEVELOPMENT_TEAM = MMFBWVS455;
				ENABLE_APP_SANDBOX = NO;
				ENABLE_HARDENED_RUNTIME = YES;
				ENABLE_PREVIEWS = YES;
				GENERATE_INFOPLIST_FILE = YES;
				INFOPLIST_FILE = "ControlBooth-Info.plist";
				INFOPLIST_KEY_NSHumanReadableCopyright = "© 2026 dsward2. All rights reserved.";
				LD_RUNPATH_SEARCH_PATHS = (
					"$(inherited)",
					"@executable_path/../Frameworks",
				);
				MARKETING_VERSION = 1.0.0;
				PRODUCT_BUNDLE_IDENTIFIER = com.dsward.ControlBooth;
				PRODUCT_NAME = "$(TARGET_NAME)";
				REGISTER_APP_GROUPS = YES;
				STRING_CATALOG_GENERATE_SYMBOLS = YES;
				SWIFT_APPROACHABLE_CONCURRENCY = YES;
				SWIFT_DEFAULT_ACTOR_ISOLATION = MainActor;
				SWIFT_EMIT_LOC_STRINGS = YES;
				SWIFT_UPCOMING_FEATURE_MEMBER_IMPORT_VISIBILITY = YES;
				SWIFT_VERSION = 5.0;
			};
			name = Debug;
		};
		0EAEB9712FF95D2700BA711A /* Release */ = {
			isa = XCBuildConfiguration;
			buildSettings = {
				ASSETCATALOG_COMPILER_APPICON_NAME = ControlBooth;
				ASSETCATALOG_COMPILER_GLOBAL_ACCENT_COLOR_NAME = AccentColor;
				CODE_SIGN_ENTITLEMENTS = ControlBooth.entitlements;
				CODE_SIGN_STYLE = Automatic;
				COMBINE_HIDPI_IMAGES = YES;
				CURRENT_PROJECT_VERSION = 1;
				DEVELOPMENT_TEAM = MMFBWVS455;
				ENABLE_APP_SANDBOX = NO;
				ENABLE_HARDENED_RUNTIME = YES;
				ENABLE_PREVIEWS = YES;
				GENERATE_INFOPLIST_FILE = YES;
				INFOPLIST_FILE = "ControlBooth-Info.plist";
				INFOPLIST_KEY_NSHumanReadableCopyright = "© 2026 dsward2. All rights reserved.";
				LD_RUNPATH_SEARCH_PATHS = (
					"$(inherited)",
					"@executable_path/../Frameworks",
				);
				MARKETING_VERSION = 1.0.0;
				PRODUCT_BUNDLE_IDENTIFIER = com.dsward.ControlBooth;
				PRODUCT_NAME = "$(TARGET_NAME)";
				REGISTER_APP_GROUPS = YES;
				STRING_CATALOG_GENERATE_SYMBOLS = YES;
				SWIFT_APPROACHABLE_CONCURRENCY = YES;
				SWIFT_DEFAULT_ACTOR_ISOLATION = MainActor;
				SWIFT_EMIT_LOC_STRINGS = YES;
				SWIFT_UPCOMING_FEATURE_MEMBER_IMPORT_VISIBILITY = YES;
				SWIFT_VERSION = 5.0;
			};
			name = Release;
		};
		0EAEB9732FF95D2700BA711A /* Debug */ = {
			isa = XCBuildConfiguration;
			buildSettings = {
				BUNDLE_LOADER = "$(TEST_HOST)";
				CODE_SIGN_STYLE = Automatic;
				CURRENT_PROJECT_VERSION = 1;
				DEVELOPMENT_TEAM = MMFBWVS455;
				GENERATE_INFOPLIST_FILE = YES;
				MACOSX_DEPLOYMENT_TARGET = 26.5;
				MARKETING_VERSION = 1.0.0;
				PRODUCT_BUNDLE_IDENTIFIER = com.dsward.ControlBoothTests;
				PRODUCT_NAME = "$(TARGET_NAME)";
				STRING_CATALOG_GENERATE_SYMBOLS = NO;
				SWIFT_APPROACHABLE_CONCURRENCY = YES;
				SWIFT_EMIT_LOC_STRINGS = NO;
				SWIFT_UPCOMING_FEATURE_MEMBER_IMPORT_VISIBILITY = YES;
				SWIFT_VERSION = 5.0;
				TEST_HOST = "$(BUILT_PRODUCTS_DIR)/ControlBooth.app/$(BUNDLE_EXECUTABLE_FOLDER_PATH)/ControlBooth";
			};
			name = Debug;
		};
		0EAEB9742FF95D2700BA711A /* Release */ = {
			isa = XCBuildConfiguration;
			buildSettings = {
				BUNDLE_LOADER = "$(TEST_HOST)";
				CODE_SIGN_STYLE = Automatic;
				CURRENT_PROJECT_VERSION = 1;
				DEVELOPMENT_TEAM = MMFBWVS455;
				GENERATE_INFOPLIST_FILE = YES;
				MACOSX_DEPLOYMENT_TARGET = 26.5;
				MARKETING_VERSION = 1.0.0;
				PRODUCT_BUNDLE_IDENTIFIER = com.dsward.ControlBoothTests;
				PRODUCT_NAME = "$(TARGET_NAME)";
				STRING_CATALOG_GENERATE_SYMBOLS = NO;
				SWIFT_APPROACHABLE_CONCURRENCY = YES;
				SWIFT_EMIT_LOC_STRINGS = NO;
				SWIFT_UPCOMING_FEATURE_MEMBER_IMPORT_VISIBILITY = YES;
				SWIFT_VERSION = 5.0;
				TEST_HOST = "$(BUILT_PRODUCTS_DIR)/ControlBooth.app/$(BUNDLE_EXECUTABLE_FOLDER_PATH)/ControlBooth";
			};
			name = Release;
		};
		0EAEB9762FF95D2700BA711A /* Debug */ = {
			isa = XCBuildConfiguration;
			buildSettings = {
				CODE_SIGN_STYLE = Automatic;
				CURRENT_PROJECT_VERSION = 1;
				DEVELOPMENT_TEAM = MMFBWVS455;
				GENERATE_INFOPLIST_FILE = YES;
				MARKETING_VERSION = 1.0.0;
				PRODUCT_BUNDLE_IDENTIFIER = com.dsward.ControlBoothUITests;
				PRODUCT_NAME = "$(TARGET_NAME)";
				STRING_CATALOG_GENERATE_SYMBOLS = NO;
				SWIFT_APPROACHABLE_CONCURRENCY = YES;
				SWIFT_EMIT_LOC_STRINGS = NO;
				SWIFT_UPCOMING_FEATURE_MEMBER_IMPORT_VISIBILITY = YES;
				SWIFT_VERSION = 5.0;
				TEST_TARGET_NAME = ControlBooth;
			};
			name = Debug;
		};
		0EAEB9772FF95D2700BA711A /* Release */ = {
			isa = XCBuildConfiguration;
			buildSettings = {
				CODE_SIGN_STYLE = Automatic;
				CURRENT_PROJECT_VERSION = 1;
				DEVELOPMENT_TEAM = MMFBWVS455;
				GENERATE_INFOPLIST_FILE = YES;
				MARKETING_VERSION = 1.0.0;
				PRODUCT_BUNDLE_IDENTIFIER = com.dsward.ControlBoothUITests;
				PRODUCT_NAME = "$(TARGET_NAME)";
				STRING_CATALOG_GENERATE_SYMBOLS = NO;
				SWIFT_APPROACHABLE_CONCURRENCY = YES;
				SWIFT_EMIT_LOC_STRINGS = NO;
				SWIFT_UPCOMING_FEATURE_MEMBER_IMPORT_VISIBILITY = YES;
				SWIFT_VERSION = 5.0;
				TEST_TARGET_NAME = ControlBooth;
			};
			name = Release;
		};
		E91E4B61D70A4805BA63BA39 /* Release */ = {
			isa = XCBuildConfiguration;
			buildSettings = {
				ARCHS = arm64;
				"CODE_SIGN_IDENTITY[sdk=macosx*]" = "Apple Development";
				CODE_SIGN_STYLE = Automatic;
				DEVELOPMENT_TEAM = MMFBWVS455;
				ENABLE_USER_SCRIPT_SANDBOXING = NO;
				FRAMEWORK_SEARCH_PATHS = (
					"$(inherited)",
					"$(SRCROOT)/librtlsdr.xcframework/macos-arm64",
				);
				GCC_WARN_INHIBIT_ALL_WARNINGS = YES;
				GENERATE_INFOPLIST_FILE = YES;
				HEADER_SEARCH_PATHS = (
					"$(inherited)",
					"$(SRCROOT)/rtl_fm_localradio_src/include",
					"$(SRCROOT)/rtl_fm_localradio_src",
					"/opt/local/include/libusb-1.0",
				);
				MACOSX_DEPLOYMENT_TARGET = 12.0;
				OTHER_LDFLAGS = (
					"$(inherited)",
					"-framework",
					AudioToolbox,
					"-framework",
					CoreAudio,
					"-framework",
					CoreFoundation,
					"/opt/local/lib/libusb-1.0.dylib",
					"-F$(SRCROOT)/librtlsdr.xcframework/macos-arm64",
					"-framework",
					librtlsdr,
					"-rpath",
					"@executable_path/../Frameworks",
				);
				PRODUCT_NAME = rtl_fm_localradio;
				SDKROOT = macosx;
			};
			name = Release;
		};
		F01B8C9F305444C380163C13 /* Debug */ = {
			isa = XCBuildConfiguration;
			buildSettings = {
				ARCHS = arm64;
				CODE_SIGN_STYLE = Automatic;
				DEVELOPMENT_TEAM = MMFBWVS455;
				ENABLE_USER_SCRIPT_SANDBOXING = NO;
				FRAMEWORK_SEARCH_PATHS = (
					"$(inherited)",
					"$(SRCROOT)/librtlsdr.xcframework/macos-arm64",
				);
				GCC_WARN_INHIBIT_ALL_WARNINGS = YES;
				GENERATE_INFOPLIST_FILE = YES;
				HEADER_SEARCH_PATHS = (
					"$(inherited)",
					"$(SRCROOT)/rtl_fm_localradio_src/include",
					"$(SRCROOT)/rtl_fm_localradio_src",
					"/opt/local/include/libusb-1.0",
				);
				MACOSX_DEPLOYMENT_TARGET = 12.0;
				OTHER_LDFLAGS = (
					"$(inherited)",
					"-framework",
					AudioToolbox,
					"-framework",
					CoreAudio,
					"-framework",
					CoreFoundation,
					"/opt/local/lib/libusb-1.0.dylib",
					"-F$(SRCROOT)/librtlsdr.xcframework/macos-arm64",
					"-framework",
					librtlsdr,
					"-rpath",
					"@executable_path/../Frameworks",
				);
				PRODUCT_NAME = rtl_fm_localradio;
				SDKROOT = macosx;
			};
			name = Debug;
		};
/* End XCBuildConfiguration section */

/* Begin XCConfigurationList section */
		0EAEB9492FF95D2500BA711A /* Build configuration list for PBXProject "ControlBooth" */ = {
			isa = XCConfigurationList;
			buildConfigurations = (
				0EAEB96D2FF95D2700BA711A /* Debug */,
				0EAEB96E2FF95D2700BA711A /* Release */,
			);
			defaultConfigurationIsVisible = 0;
			defaultConfigurationName = Release;
		};
		0EAEB96F2FF95D2700BA711A /* Build configuration list for PBXNativeTarget "ControlBooth" */ = {
			isa = XCConfigurationList;
			buildConfigurations = (
				0EAEB9702FF95D2700BA711A /* Debug */,
				0EAEB9712FF95D2700BA711A /* Release */,
			);
			defaultConfigurationIsVisible = 0;
			defaultConfigurationName = Release;
		};
		0EAEB9722FF95D2700BA711A /* Build configuration list for PBXNativeTarget "ControlBoothTests" */ = {
			isa = XCConfigurationList;
			buildConfigurations = (
				0EAEB9732FF95D2700BA711A /* Debug */,
				0EAEB9742FF95D2700BA711A /* Release */,
			);
			defaultConfigurationIsVisible = 0;
			defaultConfigurationName = Release;
		};
		0EAEB9752FF95D2700BA711A /* Build configuration list for PBXNativeTarget "ControlBoothUITests" */ = {
			isa = XCConfigurationList;
			buildConfigurations = (
				0EAEB9762FF95D2700BA711A /* Debug */,
				0EAEB9772FF95D2700BA711A /* Release */,
			);
			defaultConfigurationIsVisible = 0;
			defaultConfigurationName = Release;
		};
		2A30E2CEF8C64498AEDA307D /* Build configuration list for PBXNativeTarget "rtl_fm_localradio" */ = {
			isa = XCConfigurationList;
			buildConfigurations = (
				F01B8C9F305444C380163C13 /* Debug */,
				E91E4B61D70A4805BA63BA39 /* Release */,
			);
			defaultConfigurationIsVisible = 0;
			defaultConfigurationName = Release;
		};
/* End XCConfigurationList section */

/* Begin XCLocalSwiftPackageReference section */
		0EAEBC012FFAD00000BA711A /* XCLocalSwiftPackageReference "../AirPlayReceiver" */ = {
			isa = XCLocalSwiftPackageReference;
			relativePath = ../AirPlayReceiver;
		};
		F49B8DC63689EDF41AD7E5E6 /* XCLocalSwiftPackageReference "../PipelineHelpers" */ = {
			isa = XCLocalSwiftPackageReference;
			relativePath = ../PipelineHelpers;
		};
		F5FAD7DC4E894EF44C90EEB6 /* XCLocalSwiftPackageReference "../SharedLogging" */ = {
			isa = XCLocalSwiftPackageReference;
			relativePath = ../SharedLogging;
		};
/* End XCLocalSwiftPackageReference section */

/* Begin XCRemoteSwiftPackageReference section */
		0EAEB9B22FF9865E00BA711A /* XCRemoteSwiftPackageReference "GRDB" */ = {
			isa = XCRemoteSwiftPackageReference;
			repositoryURL = "https://github.com/groue/GRDB.swift";
			requirement = {
				branch = master;
				kind = branch;
			};
		};
/* End XCRemoteSwiftPackageReference section */

/* Begin XCSwiftPackageProductDependency section */
		0C450AC81DF406E297AA5C0F /* AUProcessor */ = {
			isa = XCSwiftPackageProductDependency;
			package = F49B8DC63689EDF41AD7E5E6 /* XCLocalSwiftPackageReference "../PipelineHelpers" */;
			productName = AUProcessor;
		};
		0EAEB9B32FF9865E00BA711A /* GRDB */ = {
			isa = XCSwiftPackageProductDependency;
			package = 0EAEB9B22FF9865E00BA711A /* XCRemoteSwiftPackageReference "GRDB" */;
			productName = GRDB;
		};
		0EAEB9E02FFAA29A00BA711A /* PipelineRunner */ = {
			isa = XCSwiftPackageProductDependency;
			package = F49B8DC63689EDF41AD7E5E6 /* XCLocalSwiftPackageReference "../PipelineHelpers" */;
			productName = PipelineRunner;
		};
		0EAEBB012FFAC00000BA711A /* PCMUDPSender */ = {
			isa = XCSwiftPackageProductDependency;
			package = F49B8DC63689EDF41AD7E5E6 /* XCLocalSwiftPackageReference "../PipelineHelpers" */;
			productName = PCMUDPSender;
		};
		0EAEBC022FFAD00000BA711A /* AirPlayReceiver */ = {
			isa = XCSwiftPackageProductDependency;
			package = 0EAEBC012FFAD00000BA711A /* XCLocalSwiftPackageReference "../AirPlayReceiver" */;
			productName = AirPlayReceiver;
		};
		18785847439A147EDA809002 /* LiveAudioRecorder */ = {
			isa = XCSwiftPackageProductDependency;
			package = F49B8DC63689EDF41AD7E5E6 /* XCLocalSwiftPackageReference "../PipelineHelpers" */;
			productName = LiveAudioRecorder;
		};
		1AD803BDA4DC219FF701FB37 /* PCMJitterBuffer */ = {
			isa = XCSwiftPackageProductDependency;
			package = F49B8DC63689EDF41AD7E5E6 /* XCLocalSwiftPackageReference "../PipelineHelpers" */;
			productName = PCMJitterBuffer;
		};
		5B1EA0345C776C5696C7EA2F /* PCMPassthrough */ = {
			isa = XCSwiftPackageProductDependency;
			package = F49B8DC63689EDF41AD7E5E6 /* XCLocalSwiftPackageReference "../PipelineHelpers" */;
			productName = PCMPassthrough;
		};
		84525C229CAA1ABF25B01E0C /* FMDeemphasis */ = {
			isa = XCSwiftPackageProductDependency;
			package = F49B8DC63689EDF41AD7E5E6 /* XCLocalSwiftPackageReference "../PipelineHelpers" */;
			productName = FMDeemphasis;
		};
		97F181EF50161793627B259B /* PCMMixer */ = {
			isa = XCSwiftPackageProductDependency;
			package = F49B8DC63689EDF41AD7E5E6 /* XCLocalSwiftPackageReference "../PipelineHelpers" */;
			productName = PCMMixer;
		};
		A578DEEA8DE804E207930937 /* SharedLogging */ = {
			isa = XCSwiftPackageProductDependency;
			package = F5FAD7DC4E894EF44C90EEB6 /* XCLocalSwiftPackageReference "../SharedLogging" */;
			productName = SharedLogging;
		};
		B43A6DCA67C7CB4EC12E5AFE /* AudioInputCapture */ = {
			isa = XCSwiftPackageProductDependency;
			package = F49B8DC63689EDF41AD7E5E6 /* XCLocalSwiftPackageReference "../PipelineHelpers" */;
			productName = AudioInputCapture;
		};
		E87D80B587E6E414ACF764FE /* PCMSpeechSynth */ = {
			isa = XCSwiftPackageProductDependency;
			package = F49B8DC63689EDF41AD7E5E6 /* XCLocalSwiftPackageReference "../PipelineHelpers" */;
			productName = PCMSpeechSynth;
		};
		E99738898D9599DAC90193CC /* PCMUDPReceiver */ = {
			isa = XCSwiftPackageProductDependency;
			package = F49B8DC63689EDF41AD7E5E6 /* XCLocalSwiftPackageReference "../PipelineHelpers" */;
			productName = PCMUDPReceiver;
		};
		D1AF7E60000000000000000B /* PCMDistanceGain */ = {
			isa = XCSwiftPackageProductDependency;
			package = F49B8DC63689EDF41AD7E5E6 /* XCLocalSwiftPackageReference "../PipelineHelpers" */;
			productName = PCMDistanceGain;
		};
		D1AF7E61000000000000000B /* PCMBinauralPanner */ = {
			isa = XCSwiftPackageProductDependency;
			package = F49B8DC63689EDF41AD7E5E6 /* XCLocalSwiftPackageReference "../PipelineHelpers" */;
			productName = PCMBinauralPanner;
		};
/* End XCSwiftPackageProductDependency section */
	};
	rootObject = 0EAEB9462FF95D2500BA711A /* Project object */;
}
