// !$*UTF8*$!
{
	archiveVersion = 1;
	classes = {
	};
	objectVersion = 77;
	objects = {

/* Begin PBXBuildFile section */
		0E2AEE3330106E75007F4143 /* PCMUDPSender in Frameworks */ = {isa = PBXBuildFile; productRef = 0EAEBB012FFAC00000BA711A /* PCMUDPSender */; };
		0EAEB9B42FF9865E00BA711A /* GRDB in Frameworks */ = {isa = PBXBuildFile; productRef = 0EAEB9B32FF9865E00BA711A /* GRDB */; };
		0EAEB9E12FFAA29A00BA711A /* PipelineRunner in Frameworks */ = {isa = PBXBuildFile; productRef = 0EAEB9E02FFAA29A00BA711A /* PipelineRunner */; };
		0EAEBB022FFAC00000BA711A /* PCMUDPSender in CopyFiles */ = {isa = PBXBuildFile; productRef = 0EAEBB012FFAC00000BA711A /* PCMUDPSender */; settings = {ATTRIBUTES = (CodeSignOnCopy, ); }; };
/* End PBXBuildFile section */

/* Begin PBXContainerItemProxy section */
		0EAEB95C2FF95D2700BA711A /* PBXContainerItemProxy */ = {
			isa = PBXContainerItemProxy;
			containerPortal = 0EAEB9462FF95D2500BA711A /* Project object */;
			proxyType = 1;
			remoteGlobalIDString = 0EAEB94D2FF95D2500BA711A;
			remoteInfo = ControlBooth;
		};
		0EAEB9662FF95D2700BA711A /* PBXContainerItemProxy */ = {
			isa = PBXContainerItemProxy;
			containerPortal = 0EAEB9462FF95D2500BA711A /* Project object */;
			proxyType = 1;
			remoteGlobalIDString = 0EAEB94D2FF95D2500BA711A;
			remoteInfo = ControlBooth;
		};
/* End PBXContainerItemProxy section */

/* Begin PBXCopyFilesBuildPhase section */
		0EAEB9B62FF9882400BA711A /* CopyFiles */ = {
			isa = PBXCopyFilesBuildPhase;
			buildActionMask = 2147483647;
			dstPath = Contents/Helpers;
			dstSubfolderSpec = 1;
			files = (
				0EAEBB022FFAC00000BA711A /* PCMUDPSender in CopyFiles */,
			);
			runOnlyForDeploymentPostprocessing = 0;
		};
/* End PBXCopyFilesBuildPhase section */

/* Begin PBXFileReference section */
		0EAEB94E2FF95D2500BA711A /* ControlBooth.app */ = {isa = PBXFileReference; explicitFileType = wrapper.application; includeInIndex = 0; path = ControlBooth.app; sourceTree = BUILT_PRODUCTS_DIR; };
		0EAEB95B2FF95D2700BA711A /* ControlBoothTests.xctest */ = {isa = PBXFileReference; explicitFileType = wrapper.cfbundle; includeInIndex = 0; path = ControlBoothTests.xctest; sourceTree = BUILT_PRODUCTS_DIR; };
		0EAEB9652FF95D2700BA711A /* ControlBoothUITests.xctest */ = {isa = PBXFileReference; explicitFileType = wrapper.cfbundle; includeInIndex = 0; path = ControlBoothUITests.xctest; sourceTree = BUILT_PRODUCTS_DIR; };
/* End PBXFileReference section */

/* Begin PBXFileSystemSynchronizedRootGroup section */
		0EAEB9502FF95D2500BA711A /* ControlBooth */ = {
			isa = PBXFileSystemSynchronizedRootGroup;
			path = ControlBooth;
			sourceTree = "<group>";
		};
		0EAEB95E2FF95D2700BA711A /* ControlBoothTests */ = {
			isa = PBXFileSystemSynchronizedRootGroup;
			path = ControlBoothTests;
			sourceTree = "<group>";
		};
		0EAEB9682FF95D2700BA711A /* ControlBoothUITests */ = {
			isa = PBXFileSystemSynchronizedRootGroup;
			path = ControlBoothUITests;
			sourceTree = "<group>";
		};
/* End PBXFileSystemSynchronizedRootGroup section */

/* Begin PBXFrameworksBuildPhase section */
		0EAEB94B2FF95D2500BA711A /* Frameworks */ = {
			isa = PBXFrameworksBuildPhase;
			buildActionMask = 2147483647;
			files = (
				0E2AEE3330106E75007F4143 /* PCMUDPSender in Frameworks */,
				0EAEB9E12FFAA29A00BA711A /* PipelineRunner in Frameworks */,
				0EAEB9B42FF9865E00BA711A /* GRDB in Frameworks */,
			);
			runOnlyForDeploymentPostprocessing = 0;
		};
		0EAEB9582FF95D2700BA711A /* Frameworks */ = {
			isa = PBXFrameworksBuildPhase;
			buildActionMask = 2147483647;
			files = (
			);
			runOnlyForDeploymentPostprocessing = 0;
		};
		0EAEB9622FF95D2700BA711A /* Frameworks */ = {
			isa = PBXFrameworksBuildPhase;
			buildActionMask = 2147483647;
			files = (
			);
			runOnlyForDeploymentPostprocessing = 0;
		};
/* End PBXFrameworksBuildPhase section */

/* Begin PBXGroup section */
		0EAEB9452FF95D2500BA711A = {
			isa = PBXGroup;
			children = (
				0EAEB9502FF95D2500BA711A /* ControlBooth */,
				0EAEB95E2FF95D2700BA711A /* ControlBoothTests */,
				0EAEB9682FF95D2700BA711A /* ControlBoothUITests */,
				0EAEB9B72FF98D0200BA711A /* Frameworks */,
				0EAEB94F2FF95D2500BA711A /* Products */,
			);
			sourceTree = "<group>";
		};
		0EAEB94F2FF95D2500BA711A /* Products */ = {
			isa = PBXGroup;
			children = (
				0EAEB94E2FF95D2500BA711A /* ControlBooth.app */,
				0EAEB95B2FF95D2700BA711A /* ControlBoothTests.xctest */,
				0EAEB9652FF95D2700BA711A /* ControlBoothUITests.xctest */,
			);
			name = Products;
			sourceTree = "<group>";
		};
		0EAEB9B72FF98D0200BA711A /* Frameworks */ = {
			isa = PBXGroup;
			children = (
			);
			path = Frameworks;
			sourceTree = "<group>";
		};
/* End PBXGroup section */

/* Begin PBXNativeTarget section */
		0EAEB94D2FF95D2500BA711A /* ControlBooth */ = {
			isa = PBXNativeTarget;
			buildConfigurationList = 0EAEB96F2FF95D2700BA711A /* Build configuration list for PBXNativeTarget "ControlBooth" */;
			buildPhases = (
				0EAEB94A2FF95D2500BA711A /* Sources */,
				0EAEB94B2FF95D2500BA711A /* Frameworks */,
				0EAEB94C2FF95D2500BA711A /* Resources */,
				0EAEB9B62FF9882400BA711A /* CopyFiles */,
			);
			buildRules = (
			);
			dependencies = (
			);
			fileSystemSynchronizedGroups = (
				0EAEB9502FF95D2500BA711A /* ControlBooth */,
			);
			name = ControlBooth;
			packageProductDependencies = (
				0EAEB9B32FF9865E00BA711A /* GRDB */,
				0EAEB9E02FFAA29A00BA711A /* PipelineRunner */,
				0EAEBB012FFAC00000BA711A /* PCMUDPSender */,
			);
			productName = ControlBooth;
			productReference = 0EAEB94E2FF95D2500BA711A /* ControlBooth.app */;
			productType = "com.apple.product-type.application";
		};
		0EAEB95A2FF95D2700BA711A /* ControlBoothTests */ = {
			isa = PBXNativeTarget;
			buildConfigurationList = 0EAEB9722FF95D2700BA711A /* Build configuration list for PBXNativeTarget "ControlBoothTests" */;
			buildPhases = (
				0EAEB9572FF95D2700BA711A /* Sources */,
				0EAEB9582FF95D2700BA711A /* Frameworks */,
				0EAEB9592FF95D2700BA711A /* Resources */,
			);
			buildRules = (
			);
			dependencies = (
				0EAEB95D2FF95D2700BA711A /* PBXTargetDependency */,
			);
			fileSystemSynchronizedGroups = (
				0EAEB95E2FF95D2700BA711A /* ControlBoothTests */,
			);
			name = ControlBoothTests;
			packageProductDependencies = (
			);
			productName = ControlBoothTests;
			productReference = 0EAEB95B2FF95D2700BA711A /* ControlBoothTests.xctest */;
			productType = "com.apple.product-type.bundle.unit-test";
		};
		0EAEB9642FF95D2700BA711A /* ControlBoothUITests */ = {
			isa = PBXNativeTarget;
			buildConfigurationList = 0EAEB9752FF95D2700BA711A /* Build configuration list for PBXNativeTarget "ControlBoothUITests" */;
			buildPhases = (
				0EAEB9612FF95D2700BA711A /* Sources */,
				0EAEB9622FF95D2700BA711A /* Frameworks */,
				0EAEB9632FF95D2700BA711A /* Resources */,
			);
			buildRules = (
			);
			dependencies = (
				0EAEB9672FF95D2700BA711A /* PBXTargetDependency */,
			);
			fileSystemSynchronizedGroups = (
				0EAEB9682FF95D2700BA711A /* ControlBoothUITests */,
			);
			name = ControlBoothUITests;
			packageProductDependencies = (
			);
			productName = ControlBoothUITests;
			productReference = 0EAEB9652FF95D2700BA711A /* ControlBoothUITests.xctest */;
			productType = "com.apple.product-type.bundle.ui-testing";
		};
/* End PBXNativeTarget section */

/* Begin PBXProject section */
		0EAEB9462FF95D2500BA711A /* Project object */ = {
			isa = PBXProject;
			attributes = {
				BuildIndependentTargetsInParallel = 1;
				LastSwiftUpdateCheck = 2660;
				LastUpgradeCheck = 2660;
				TargetAttributes = {
					0EAEB94D2FF95D2500BA711A = {
						CreatedOnToolsVersion = 26.6;
					};
					0EAEB95A2FF95D2700BA711A = {
						CreatedOnToolsVersion = 26.6;
						TestTargetID = 0EAEB94D2FF95D2500BA711A;
					};
					0EAEB9642FF95D2700BA711A = {
						CreatedOnToolsVersion = 26.6;
						TestTargetID = 0EAEB94D2FF95D2500BA711A;
					};
				};
			};
			buildConfigurationList = 0EAEB9492FF95D2500BA711A /* Build configuration list for PBXProject "ControlBooth" */;
			developmentRegion = en;
			hasScannedForEncodings = 0;
			knownRegions = (
				en,
				Base,
			);
			mainGroup = 0EAEB9452FF95D2500BA711A;
			minimizedProjectReferenceProxies = 1;
			packageReferences = (
				0EAEB9B22FF9865E00BA711A /* XCRemoteSwiftPackageReference "GRDB" */,
				0EAEBB182FFAD5F300BA711A /* XCRemoteSwiftPackageReference "PipelineHelpers" */,
			);
			preferredProjectObjectVersion = 77;
			productRefGroup = 0EAEB94F2FF95D2500BA711A /* Products */;
			projectDirPath = "";
			projectRoot = "";
			targets = (
				0EAEB94D2FF95D2500BA711A /* ControlBooth */,
				0EAEB95A2FF95D2700BA711A /* ControlBoothTests */,
				0EAEB9642FF95D2700BA711A /* ControlBoothUITests */,
			);
		};
/* End PBXProject section */

/* Begin PBXResourcesBuildPhase section */
		0EAEB94C2FF95D2500BA711A /* Resources */ = {
			isa = PBXResourcesBuildPhase;
			buildActionMask = 2147483647;
			files = (
			);
			runOnlyForDeploymentPostprocessing = 0;
		};
		0EAEB9592FF95D2700BA711A /* Resources */ = {
			isa = PBXResourcesBuildPhase;
			buildActionMask = 2147483647;
			files = (
			);
			runOnlyForDeploymentPostprocessing = 0;
		};
		0EAEB9632FF95D2700BA711A /* Resources */ = {
			isa = PBXResourcesBuildPhase;
			buildActionMask = 2147483647;
			files = (
			);
			runOnlyForDeploymentPostprocessing = 0;
		};
/* End PBXResourcesBuildPhase section */

/* Begin PBXSourcesBuildPhase section */
		0EAEB94A2FF95D2500BA711A /* Sources */ = {
			isa = PBXSourcesBuildPhase;
			buildActionMask = 2147483647;
			files = (
			);
			runOnlyForDeploymentPostprocessing = 0;
		};
		0EAEB9572FF95D2700BA711A /* Sources */ = {
			isa = PBXSourcesBuildPhase;
			buildActionMask = 2147483647;
			files = (
			);
			runOnlyForDeploymentPostprocessing = 0;
		};
		0EAEB9612FF95D2700BA711A /* Sources */ = {
			isa = PBXSourcesBuildPhase;
			buildActionMask = 2147483647;
			files = (
			);
			runOnlyForDeploymentPostprocessing = 0;
		};
/* End PBXSourcesBuildPhase section */

/* Begin PBXTargetDependency section */
		0EAEB95D2FF95D2700BA711A /* PBXTargetDependency */ = {
			isa = PBXTargetDependency;
			target = 0EAEB94D2FF95D2500BA711A /* ControlBooth */;
			targetProxy = 0EAEB95C2FF95D2700BA711A /* PBXContainerItemProxy */;
		};
		0EAEB9672FF95D2700BA711A /* PBXTargetDependency */ = {
			isa = PBXTargetDependency;
			target = 0EAEB94D2FF95D2500BA711A /* ControlBooth */;
			targetProxy = 0EAEB9662FF95D2700BA711A /* PBXContainerItemProxy */;
		};
/* End PBXTargetDependency section */

/* Begin XCBuildConfiguration section */
		0EAEB96D2FF95D2700BA711A /* Debug */ = {
			isa = XCBuildConfiguration;
			buildSettings = {
				ALWAYS_SEARCH_USER_PATHS = NO;
				ASSETCATALOG_COMPILER_GENERATE_SWIFT_ASSET_SYMBOL_EXTENSIONS = YES;
				CLANG_ANALYZER_NONNULL = YES;
				CLANG_ANALYZER_NUMBER_OBJECT_CONVERSION = YES_AGGRESSIVE;
				CLANG_CXX_LANGUAGE_STANDARD = "gnu++20";
				CLANG_ENABLE_MODULES = YES;
				CLANG_ENABLE_OBJC_ARC = YES;
				CLANG_ENABLE_OBJC_WEAK = YES;
				CLANG_WARN_BLOCK_CAPTURE_AUTORELEASING = YES;
				CLANG_WARN_BOOL_CONVERSION = YES;
				CLANG_WARN_COMMA = YES;
				CLANG_WARN_CONSTANT_CONVERSION = YES;
				CLANG_WARN_DEPRECATED_OBJC_IMPLEMENTATIONS = YES;
				CLANG_WARN_DIRECT_OBJC_ISA_USAGE = YES_ERROR;
				CLANG_WARN_DOCUMENTATION_COMMENTS = YES;
				CLANG_WARN_EMPTY_BODY = YES;
				CLANG_WARN_ENUM_CONVERSION = YES;
				CLANG_WARN_INFINITE_RECURSION = YES;
				CLANG_WARN_INT_CONVERSION = YES;
				CLANG_WARN_NON_LITERAL_NULL_CONVERSION = YES;
				CLANG_WARN_OBJC_IMPLICIT_RETAIN_SELF = YES;
				CLANG_WARN_OBJC_LITERAL_CONVERSION = YES;
				CLANG_WARN_OBJC_ROOT_CLASS = YES_ERROR;
				CLANG_WARN_QUOTED_INCLUDE_IN_FRAMEWORK_HEADER = YES;
				CLANG_WARN_RANGE_LOOP_ANALYSIS = YES;
				CLANG_WARN_STRICT_PROTOTYPES = YES;
				CLANG_WARN_SUSPICIOUS_MOVE = YES;
				CLANG_WARN_UNGUARDED_AVAILABILITY = YES_AGGRESSIVE;
				CLANG_WARN_UNREACHABLE_CODE = YES;
				CLANG_WARN__DUPLICATE_METHOD_MATCH = YES;
				COPY_PHASE_STRIP = NO;
				DEBUG_INFORMATION_FORMAT = dwarf;
				DEVELOPMENT_TEAM = MMFBWVS455;
				ENABLE_STRICT_OBJC_MSGSEND = YES;
				ENABLE_TESTABILITY = YES;
				ENABLE_USER_SCRIPT_SANDBOXING = YES;
				GCC_C_LANGUAGE_STANDARD = gnu17;
				GCC_DYNAMIC_NO_PIC = NO;
				GCC_NO_COMMON_BLOCKS = YES;
				GCC_OPTIMIZATION_LEVEL = 0;
				GCC_PREPROCESSOR_DEFINITIONS = (
					"DEBUG=1",
					"$(inherited)",
				);
				GCC_WARN_64_TO_32_BIT_CONVERSION = YES;
				GCC_WARN_ABOUT_RETURN_TYPE = YES_ERROR;
				GCC_WARN_UNDECLARED_SELECTOR = YES;
				GCC_WARN_UNINITIALIZED_AUTOS = YES_AGGRESSIVE;
				GCC_WARN_UNUSED_FUNCTION = YES;
				GCC_WARN_UNUSED_VARIABLE = YES;
				LOCALIZATION_PREFERS_STRING_CATALOGS = YES;
				MACOSX_DEPLOYMENT_TARGET = 26.5;
				MTL_ENABLE_DEBUG_INFO = INCLUDE_SOURCE;
				MTL_FAST_MATH = YES;
				ONLY_ACTIVE_ARCH = YES;
				SDKROOT = macosx;
				SWIFT_ACTIVE_COMPILATION_CONDITIONS = "DEBUG $(inherited)";
				SWIFT_OPTIMIZATION_LEVEL = "-Onone";
			};
			name = Debug;
		};
		0EAEB96E2FF95D2700BA711A /* Release */ = {
			isa = XCBuildConfiguration;
			buildSettings = {
				ALWAYS_SEARCH_USER_PATHS = NO;
				ASSETCATALOG_COMPILER_GENERATE_SWIFT_ASSET_SYMBOL_EXTENSIONS = YES;
				CLANG_ANALYZER_NONNULL = YES;
				CLANG_ANALYZER_NUMBER_OBJECT_CONVERSION = YES_AGGRESSIVE;
				CLANG_CXX_LANGUAGE_STANDARD = "gnu++20";
				CLANG_ENABLE_MODULES = YES;
				CLANG_ENABLE_OBJC_ARC = YES;
				CLANG_ENABLE_OBJC_WEAK = YES;
				CLANG_WARN_BLOCK_CAPTURE_AUTORELEASING = YES;
				CLANG_WARN_BOOL_CONVERSION = YES;
				CLANG_WARN_COMMA = YES;
				CLANG_WARN_CONSTANT_CONVERSION = YES;
				CLANG_WARN_DEPRECATED_OBJC_IMPLEMENTATIONS = YES;
				CLANG_WARN_DIRECT_OBJC_ISA_USAGE = YES_ERROR;
				CLANG_WARN_DOCUMENTATION_COMMENTS = YES;
				CLANG_WARN_EMPTY_BODY = YES;
				CLANG_WARN_ENUM_CONVERSION = YES;
				CLANG_WARN_INFINITE_RECURSION = YES;
				CLANG_WARN_INT_CONVERSION = YES;
				CLANG_WARN_NON_LITERAL_NULL_CONVERSION = YES;
				CLANG_WARN_OBJC_IMPLICIT_RETAIN_SELF = YES;
				CLANG_WARN_OBJC_LITERAL_CONVERSION = YES;
				CLANG_WARN_OBJC_ROOT_CLASS = YES_ERROR;
				CLANG_WARN_QUOTED_INCLUDE_IN_FRAMEWORK_HEADER = YES;
				CLANG_WARN_RANGE_LOOP_ANALYSIS = YES;
				CLANG_WARN_STRICT_PROTOTYPES = YES;
				CLANG_WARN_SUSPICIOUS_MOVE = YES;
				CLANG_WARN_UNGUARDED_AVAILABILITY = YES_AGGRESSIVE;
				CLANG_WARN_UNREACHABLE_CODE = YES;
				CLANG_WARN__DUPLICATE_METHOD_MATCH = YES;
				COPY_PHASE_STRIP = NO;
				DEBUG_INFORMATION_FORMAT = "dwarf-with-dsym";
				DEVELOPMENT_TEAM = MMFBWVS455;
				ENABLE_NS_ASSERTIONS = NO;
				ENABLE_STRICT_OBJC_MSGSEND = YES;
				ENABLE_USER_SCRIPT_SANDBOXING = YES;
				GCC_C_LANGUAGE_STANDARD = gnu17;
				GCC_NO_COMMON_BLOCKS = YES;
				GCC_WARN_64_TO_32_BIT_CONVERSION = YES;
				GCC_WARN_ABOUT_RETURN_TYPE = YES_ERROR;
				GCC_WARN_UNDECLARED_SELECTOR = YES;
				GCC_WARN_UNINITIALIZED_AUTOS = YES_AGGRESSIVE;
				GCC_WARN_UNUSED_FUNCTION = YES;
				GCC_WARN_UNUSED_VARIABLE = YES;
				LOCALIZATION_PREFERS_STRING_CATALOGS = YES;
				MACOSX_DEPLOYMENT_TARGET = 26.5;
				MTL_ENABLE_DEBUG_INFO = NO;
				MTL_FAST_MATH = YES;
				SDKROOT = macosx;
				SWIFT_COMPILATION_MODE = wholemodule;
			};
			name = Release;
		};
		0EAEB9702FF95D2700BA711A /* Debug */ = {
			isa = XCBuildConfiguration;
			buildSettings = {
				ASSETCATALOG_COMPILER_APPICON_NAME = AppIcon;
				ASSETCATALOG_COMPILER_GLOBAL_ACCENT_COLOR_NAME = AccentColor;
				CODE_SIGN_ENTITLEMENTS = ControlBooth.entitlements;
				CODE_SIGN_STYLE = Automatic;
				COMBINE_HIDPI_IMAGES = YES;
				CURRENT_PROJECT_VERSION = 1;
				DEVELOPMENT_TEAM = MMFBWVS455;
				ENABLE_APP_SANDBOX = NO;
				ENABLE_HARDENED_RUNTIME = YES;
				ENABLE_PREVIEWS = YES;
				GENERATE_INFOPLIST_FILE = YES;
				INFOPLIST_FILE = "ControlBooth-Info.plist";
				INFOPLIST_KEY_NSHumanReadableCopyright = "© 2026 dsward2. All rights reserved.";
				LD_RUNPATH_SEARCH_PATHS = (
					"$(inherited)",
					"@executable_path/../Frameworks",
				);
				MARKETING_VERSION = 1.0.0;
				PRODUCT_BUNDLE_IDENTIFIER = com.dsward.ControlBooth;
				PRODUCT_NAME = "$(TARGET_NAME)";
				REGISTER_APP_GROUPS = YES;
				STRING_CATALOG_GENERATE_SYMBOLS = YES;
				SWIFT_APPROACHABLE_CONCURRENCY = YES;
				SWIFT_DEFAULT_ACTOR_ISOLATION = MainActor;
				SWIFT_EMIT_LOC_STRINGS = YES;
				SWIFT_UPCOMING_FEATURE_MEMBER_IMPORT_VISIBILITY = YES;
				SWIFT_VERSION = 5.0;
			};
			name = Debug;
		};
		0EAEB9712FF95D2700BA711A /* Release */ = {
			isa = XCBuildConfiguration;
			buildSettings = {
				ASSETCATALOG_COMPILER_APPICON_NAME = AppIcon;
				ASSETCATALOG_COMPILER_GLOBAL_ACCENT_COLOR_NAME = AccentColor;
				CODE_SIGN_ENTITLEMENTS = ControlBooth.entitlements;
				CODE_SIGN_STYLE = Automatic;
				COMBINE_HIDPI_IMAGES = YES;
				CURRENT_PROJECT_VERSION = 1;
				DEVELOPMENT_TEAM = MMFBWVS455;
				ENABLE_APP_SANDBOX = NO;
				ENABLE_HARDENED_RUNTIME = YES;
				ENABLE_PREVIEWS = YES;
				GENERATE_INFOPLIST_FILE = YES;
				INFOPLIST_FILE = "ControlBooth-Info.plist";
				INFOPLIST_KEY_NSHumanReadableCopyright = "© 2026 dsward2. All rights reserved.";
				LD_RUNPATH_SEARCH_PATHS = (
					"$(inherited)",
					"@executable_path/../Frameworks",
				);
				MARKETING_VERSION = 1.0.0;
				PRODUCT_BUNDLE_IDENTIFIER = com.dsward.ControlBooth;
				PRODUCT_NAME = "$(TARGET_NAME)";
				REGISTER_APP_GROUPS = YES;
				STRING_CATALOG_GENERATE_SYMBOLS = YES;
				SWIFT_APPROACHABLE_CONCURRENCY = YES;
				SWIFT_DEFAULT_ACTOR_ISOLATION = MainActor;
				SWIFT_EMIT_LOC_STRINGS = YES;
				SWIFT_UPCOMING_FEATURE_MEMBER_IMPORT_VISIBILITY = YES;
				SWIFT_VERSION = 5.0;
			};
			name = Release;
		};
		0EAEB9732FF95D2700BA711A /* Debug */ = {
			isa = XCBuildConfiguration;
			buildSettings = {
				BUNDLE_LOADER = "$(TEST_HOST)";
				CODE_SIGN_STYLE = Automatic;
				CURRENT_PROJECT_VERSION = 1;
				DEVELOPMENT_TEAM = MMFBWVS455;
				GENERATE_INFOPLIST_FILE = YES;
				MACOSX_DEPLOYMENT_TARGET = 26.5;
				MARKETING_VERSION = 1.0.0;
				PRODUCT_BUNDLE_IDENTIFIER = com.dsward.ControlBoothTests;
				PRODUCT_NAME = "$(TARGET_NAME)";
				STRING_CATALOG_GENERATE_SYMBOLS = NO;
				SWIFT_APPROACHABLE_CONCURRENCY = YES;
				SWIFT_EMIT_LOC_STRINGS = NO;
				SWIFT_UPCOMING_FEATURE_MEMBER_IMPORT_VISIBILITY = YES;
				SWIFT_VERSION = 5.0;
				TEST_HOST = "$(BUILT_PRODUCTS_DIR)/ControlBooth.app/$(BUNDLE_EXECUTABLE_FOLDER_PATH)/ControlBooth";
			};
			name = Debug;
		};
		0EAEB9742FF95D2700BA711A /* Release */ = {
			isa = XCBuildConfiguration;
			buildSettings = {
				BUNDLE_LOADER = "$(TEST_HOST)";
				CODE_SIGN_STYLE = Automatic;
				CURRENT_PROJECT_VERSION = 1;
				DEVELOPMENT_TEAM = MMFBWVS455;
				GENERATE_INFOPLIST_FILE = YES;
				MACOSX_DEPLOYMENT_TARGET = 26.5;
				MARKETING_VERSION = 1.0.0;
				PRODUCT_BUNDLE_IDENTIFIER = com.dsward.ControlBoothTests;
				PRODUCT_NAME = "$(TARGET_NAME)";
				STRING_CATALOG_GENERATE_SYMBOLS = NO;
				SWIFT_APPROACHABLE_CONCURRENCY = YES;
				SWIFT_EMIT_LOC_STRINGS = NO;
				SWIFT_UPCOMING_FEATURE_MEMBER_IMPORT_VISIBILITY = YES;
				SWIFT_VERSION = 5.0;
				TEST_HOST = "$(BUILT_PRODUCTS_DIR)/ControlBooth.app/$(BUNDLE_EXECUTABLE_FOLDER_PATH)/ControlBooth";
			};
			name = Release;
		};
		0EAEB9762FF95D2700BA711A /* Debug */ = {
			isa = XCBuildConfiguration;
			buildSettings = {
				CODE_SIGN_STYLE = Automatic;
				CURRENT_PROJECT_VERSION = 1;
				DEVELOPMENT_TEAM = MMFBWVS455;
				GENERATE_INFOPLIST_FILE = YES;
				MARKETING_VERSION = 1.0.0;
				PRODUCT_BUNDLE_IDENTIFIER = com.dsward.ControlBoothUITests;
				PRODUCT_NAME = "$(TARGET_NAME)";
				STRING_CATALOG_GENERATE_SYMBOLS = NO;
				SWIFT_APPROACHABLE_CONCURRENCY = YES;
				SWIFT_EMIT_LOC_STRINGS = NO;
				SWIFT_UPCOMING_FEATURE_MEMBER_IMPORT_VISIBILITY = YES;
				SWIFT_VERSION = 5.0;
				TEST_TARGET_NAME = ControlBooth;
			};
			name = Debug;
		};
		0EAEB9772FF95D2700BA711A /* Release */ = {
			isa = XCBuildConfiguration;
			buildSettings = {
				CODE_SIGN_STYLE = Automatic;
				CURRENT_PROJECT_VERSION = 1;
				DEVELOPMENT_TEAM = MMFBWVS455;
				GENERATE_INFOPLIST_FILE = YES;
				MARKETING_VERSION = 1.0.0;
				PRODUCT_BUNDLE_IDENTIFIER = com.dsward.ControlBoothUITests;
				PRODUCT_NAME = "$(TARGET_NAME)";
				STRING_CATALOG_GENERATE_SYMBOLS = NO;
				SWIFT_APPROACHABLE_CONCURRENCY = YES;
				SWIFT_EMIT_LOC_STRINGS = NO;
				SWIFT_UPCOMING_FEATURE_MEMBER_IMPORT_VISIBILITY = YES;
				SWIFT_VERSION = 5.0;
				TEST_TARGET_NAME = ControlBooth;
			};
			name = Release;
		};
/* End XCBuildConfiguration section */

/* Begin XCConfigurationList section */
		0EAEB9492FF95D2500BA711A /* Build configuration list for PBXProject "ControlBooth" */ = {
			isa = XCConfigurationList;
			buildConfigurations = (
				0EAEB96D2FF95D2700BA711A /* Debug */,
				0EAEB96E2FF95D2700BA711A /* Release */,
			);
			defaultConfigurationIsVisible = 0;
			defaultConfigurationName = Release;
		};
		0EAEB96F2FF95D2700BA711A /* Build configuration list for PBXNativeTarget "ControlBooth" */ = {
			isa = XCConfigurationList;
			buildConfigurations = (
				0EAEB9702FF95D2700BA711A /* Debug */,
				0EAEB9712FF95D2700BA711A /* Release */,
			);
			defaultConfigurationIsVisible = 0;
			defaultConfigurationName = Release;
		};
		0EAEB9722FF95D2700BA711A /* Build configuration list for PBXNativeTarget "ControlBoothTests" */ = {
			isa = XCConfigurationList;
			buildConfigurations = (
				0EAEB9732FF95D2700BA711A /* Debug */,
				0EAEB9742FF95D2700BA711A /* Release */,
			);
			defaultConfigurationIsVisible = 0;
			defaultConfigurationName = Release;
		};
		0EAEB9752FF95D2700BA711A /* Build configuration list for PBXNativeTarget "ControlBoothUITests" */ = {
			isa = XCConfigurationList;
			buildConfigurations = (
				0EAEB9762FF95D2700BA711A /* Debug */,
				0EAEB9772FF95D2700BA711A /* Release */,
			);
			defaultConfigurationIsVisible = 0;
			defaultConfigurationName = Release;
		};
/* End XCConfigurationList section */

/* Begin XCRemoteSwiftPackageReference section */
		0EAEB9B22FF9865E00BA711A /* XCRemoteSwiftPackageReference "GRDB" */ = {
			isa = XCRemoteSwiftPackageReference;
			repositoryURL = "https://github.com/groue/GRDB.swift";
			requirement = {
				branch = master;
				kind = branch;
			};
		};
		0EAEBB182FFAD5F300BA711A /* XCRemoteSwiftPackageReference "PipelineHelpers" */ = {
			isa = XCRemoteSwiftPackageReference;
			repositoryURL = "https://github.com/dsward2/PipelineHelpers";
			requirement = {
				branch = main;
				kind = branch;
			};
		};
/* End XCRemoteSwiftPackageReference section */

/* Begin XCSwiftPackageProductDependency section */
		0EAEB9B32FF9865E00BA711A /* GRDB */ = {
			isa = XCSwiftPackageProductDependency;
			package = 0EAEB9B22FF9865E00BA711A /* XCRemoteSwiftPackageReference "GRDB" */;
			productName = GRDB;
		};
		0EAEB9E02FFAA29A00BA711A /* PipelineRunner */ = {
			isa = XCSwiftPackageProductDependency;
			package = 0EAEBB182FFAD5F300BA711A /* XCRemoteSwiftPackageReference "PipelineHelpers" */;
			productName = PipelineRunner;
		};
		0EAEBB012FFAC00000BA711A /* PCMUDPSender */ = {
			isa = XCSwiftPackageProductDependency;
			package = 0EAEBB182FFAD5F300BA711A /* XCRemoteSwiftPackageReference "PipelineHelpers" */;
			productName = PCMUDPSender;
		};
/* End XCSwiftPackageProductDependency section */
	};
	rootObject = 0EAEB9462FF95D2500BA711A /* Project object */;
}
