{
  "originHash" : "fc14065240da30286db76f9cbdd75c1b83ff00a3b2eac9265062fddd5f00e34f",
  "pins" : [
    {
      "identity" : "grdb.swift",
      "kind" : "remoteSourceControl",
      "location" : "https://github.com/groue/GRDB.swift",
      "state" : {
        "branch" : "master",
        "revision" : "b83108d10f42680d78f23fe4d4d80fc88dab3212"
      }
    },
    {
      "identity" : "swift-argument-parser",
      "kind" : "remoteSourceControl",
      "location" : "https://github.com/apple/swift-argument-parser",
      "state" : {
        "revision" : "6a52f3251125d74daf04fcbd5e6f08a75d074382",
        "version" : "1.8.2"
      }
    },
    {
      "identity" : "swiftterm",
      "kind" : "remoteSourceControl",
      "location" : "https://github.com/migueldeicaza/SwiftTerm",
      "state" : {
        "revision" : "7691f85b222a67a66b58499e1b2647443cf0dda7",
        "version" : "1.18.0"
      }
    }
  ],
  "version" : 3
}
