{
  "originHash" : "0891f2a53ff7abf6aa0ab09fd1ed547d2f35faa3e7077bc7aa2d15d8337af4a2",
  "pins" : [
    {
      "identity" : "grdb.swift",
      "kind" : "remoteSourceControl",
      "location" : "https://github.com/groue/GRDB.swift",
      "state" : {
        "branch" : "master",
        "revision" : "b83108d10f42680d78f23fe4d4d80fc88dab3212"
      }
    }
  ],
  "version" : 3
}
